<?xml version="1.0" encoding="utf-8"?>
<Project ToolsVersion="4.0" xmlns="http://schemas.microsoft.com/developer/msbuild/2003">
  <ItemGroup>
    <ClCompile Include="winmain.cpp" />
    <ClCompile Include="GameState.cpp" />
    <ClCompile Include="PTAnimation.cpp">
      <Filter>Util</Filter>
    </ClCompile>
    <ClCompile Include="PTButton.cpp">
      <Filter>Util</Filter>
    </ClCompile>
    <ClCompile Include="PTCamera.cpp">
      <Filter>Util</Filter>
    </ClCompile>
    <ClCompile Include="PTLabel.cpp">
      <Filter>Util</Filter>
    </ClCompile>
    <ClCompile Include="Bean.cpp">
      <Filter>GameEntity</Filter>
    </ClCompile>
  </ItemGroup>
  <ItemGroup>
    <ClInclude Include="Dude.h">
      <Filter>GameEntity</Filter>
    </ClInclude>
    <ClInclude Include="GameState.h" />
    <ClInclude Include="PTAnimation.h">
      <Filter>Util</Filter>
    </ClInclude>
    <ClInclude Include="PTButton.h">
      <Filter>Util</Filter>
    </ClInclude>
    <ClInclude Include="PTCamera.h">
      <Filter>Util</Filter>
    </ClInclude>
    <ClInclude Include="PTLabel.h">
      <Filter>Util</Filter>
    </ClInclude>
    <ClInclude Include="Bean.h">
      <Filter>GameEntity</Filter>
    </ClInclude>
  </ItemGroup>
  <ItemGroup>
    <Filter Include="GameEntity">
      <UniqueIdentifier>{05cd229a-87fd-4ec0-bf6d-6660622ef582}</UniqueIdentifier>
    </Filter>
    <Filter Include="Util">
      <UniqueIdentifier>{bdd9533f-e674-47b6-893a-63db1388e2cb}</UniqueIdentifier>
    </Filter>
  </ItemGroup>
</Project>