<?xml version="1.0" encoding="utf-8"?>
<Project ToolsVersion="4.0" xmlns="http://schemas.microsoft.com/developer/msbuild/2003">
  <ItemGroup>
    <ClInclude Include="Inc\AI.h">
      <Filter>Inc</Filter>
    </ClInclude>
    <ClInclude Include="Src\Precompiled.h">
      <Filter>Src</Filter>
    </ClInclude>
    <ClInclude Include="Inc\Common.h">
      <Filter>Inc</Filter>
    </ClInclude>
    <ClInclude Include="Inc\Agent.h">
      <Filter>Inc</Filter>
    </ClInclude>
    <ClInclude Include="Inc\AIWorld.h">
      <Filter>Inc</Filter>
    </ClInclude>
    <ClInclude Include="Inc\Entity.h">
      <Filter>Inc</Filter>
    </ClInclude>
    <ClInclude Include="Inc\Graph.h">
      <Filter>Inc\Pathing</Filter>
    </ClInclude>
    <ClInclude Include="Inc\GraphSearch.h">
      <Filter>Inc\Pathing</Filter>
    </ClInclude>
    <ClInclude Include="Inc\ArriveBehavior.h">
      <Filter>Inc\Steering</Filter>
    </ClInclude>
    <ClInclude Include="Inc\EvadeBehavior.h">
      <Filter>Inc\Steering</Filter>
    </ClInclude>
    <ClInclude Include="Inc\FleeBehavior.h">
      <Filter>Inc\Steering</Filter>
    </ClInclude>
    <ClInclude Include="Inc\GroupAlignmentBehavior.h">
      <Filter>Inc\Steering</Filter>
    </ClInclude>
    <ClInclude Include="Inc\GroupCohesionBehavior.h">
      <Filter>Inc\Steering</Filter>
    </ClInclude>
    <ClInclude Include="Inc\GroupSeparationBehavior.h">
      <Filter>Inc\Steering</Filter>
    </ClInclude>
    <ClInclude Include="Inc\HideBehavior.h">
      <Filter>Inc\Steering</Filter>
    </ClInclude>
    <ClInclude Include="Inc\InterposeBehavior.h">
      <Filter>Inc\Steering</Filter>
    </ClInclude>
    <ClInclude Include="Inc\ObstacleAvoidBehavior.h">
      <Filter>Inc\Steering</Filter>
    </ClInclude>
    <ClInclude Include="Inc\OffsetPursuitBehavior.h">
      <Filter>Inc\Steering</Filter>
    </ClInclude>
    <ClInclude Include="Inc\PathFollowingBehavior.h">
      <Filter>Inc\Steering</Filter>
    </ClInclude>
    <ClInclude Include="Inc\PursuitBehavior.h">
      <Filter>Inc\Steering</Filter>
    </ClInclude>
    <ClInclude Include="Inc\SeekBehavior.h">
      <Filter>Inc\Steering</Filter>
    </ClInclude>
    <ClInclude Include="Inc\SteeringBehavior.h">
      <Filter>Inc\Steering</Filter>
    </ClInclude>
    <ClInclude Include="Inc\WallAvoidBehavior.h">
      <Filter>Inc\Steering</Filter>
    </ClInclude>
    <ClInclude Include="Inc\WanderBehavior.h">
      <Filter>Inc\Steering</Filter>
    </ClInclude>
    <ClInclude Include="Inc\MemoryRecord.h">
      <Filter>Inc\Perception</Filter>
    </ClInclude>
    <ClInclude Include="Inc\PerceptionModule.h">
      <Filter>Inc\Perception</Filter>
    </ClInclude>
    <ClInclude Include="Inc\Sensor.h">
      <Filter>Inc\Perception</Filter>
    </ClInclude>
    <ClInclude Include="Inc\State.h">
      <Filter>Inc\FSM</Filter>
    </ClInclude>
    <ClInclude Include="Inc\StateMachine.h">
      <Filter>Inc\FSM</Filter>
    </ClInclude>
    <ClInclude Include="Inc\SteeringModule.h">
      <Filter>Inc\Steering</Filter>
    </ClInclude>
    <ClInclude Include="Inc\Agent3D.h">
      <Filter>Inc</Filter>
    </ClInclude>
    <ClInclude Include="Inc\Entity3D.h">
      <Filter>Inc</Filter>
    </ClInclude>
    <ClInclude Include="Inc\AIWorld3D.h">
      <Filter>Inc</Filter>
    </ClInclude>
    <ClInclude Include="Inc\SteeringModule3D.h">
      <Filter>Inc\Steering3D</Filter>
    </ClInclude>
    <ClInclude Include="Inc\SteeringBehavior3D.h">
      <Filter>Inc\Steering3D</Filter>
    </ClInclude>
    <ClInclude Include="Inc\SeekBehavior3D.h">
      <Filter>Inc\Steering3D</Filter>
    </ClInclude>
    <ClInclude Include="Inc\FleeBehavior3D.h">
      <Filter>Inc\Steering3D</Filter>
    </ClInclude>
    <ClInclude Include="Inc\ArriveBehavior3D.h">
      <Filter>Inc\Steering3D</Filter>
    </ClInclude>
    <ClInclude Include="Inc\WanderBehavior3D.h">
      <Filter>Inc\Steering3D</Filter>
    </ClInclude>
    <ClInclude Include="Inc\GroupAlignmentBehavior3D.h">
      <Filter>Inc\Steering3D</Filter>
    </ClInclude>
    <ClInclude Include="Inc\GroupSeparationBehavior3D.h">
      <Filter>Inc\Steering3D</Filter>
    </ClInclude>
    <ClInclude Include="Inc\GroupCohesionBehavior3D.h">
      <Filter>Inc\Steering3D</Filter>
    </ClInclude>
    <ClInclude Include="Inc\ObstacleAvoidBehavior3D.h">
      <Filter>Inc\Steering3D</Filter>
    </ClInclude>
    <ClInclude Include="Inc\DecisionModule.h">
      <Filter>Inc</Filter>
    </ClInclude>
    <ClInclude Include="Inc\Goal.h">
      <Filter>Inc</Filter>
    </ClInclude>
    <ClInclude Include="Inc\GoalComposite.h">
      <Filter>Inc</Filter>
    </ClInclude>
    <ClInclude Include="Inc\Strategy.h">
      <Filter>Inc</Filter>
    </ClInclude>
    <ClInclude Include="Inc\PerceptionModule3D.h">
      <Filter>Inc\Perception3D</Filter>
    </ClInclude>
    <ClInclude Include="Inc\Sensor3D.h">
      <Filter>Inc\Perception3D</Filter>
    </ClInclude>
    <ClInclude Include="Inc\OffsetPursuitBehavior3D.h">
      <Filter>Inc\Steering3D</Filter>
    </ClInclude>
    <ClInclude Include="Inc\WallAvoidBehavior3D.h">
      <Filter>Inc\Steering3D</Filter>
    </ClInclude>
  </ItemGroup>
  <ItemGroup>
    <Filter Include="Inc">
      <UniqueIdentifier>{7bd525bd-43c4-491b-b630-734e5b9e4c13}</UniqueIdentifier>
    </Filter>
    <Filter Include="Src">
      <UniqueIdentifier>{a8e6919b-de6f-4ebf-bbe9-88626611a6c9}</UniqueIdentifier>
    </Filter>
    <Filter Include="Inc\FSM">
      <UniqueIdentifier>{80816d1c-2efd-49c1-ac6f-141037817288}</UniqueIdentifier>
    </Filter>
    <Filter Include="Inc\Pathing">
      <UniqueIdentifier>{8b6621cb-9cd8-434f-ba5c-0837bb4c344a}</UniqueIdentifier>
    </Filter>
    <Filter Include="Inc\Perception">
      <UniqueIdentifier>{f834f93d-9214-4e78-9754-90b91a183d9d}</UniqueIdentifier>
    </Filter>
    <Filter Include="Inc\Steering">
      <UniqueIdentifier>{0708e802-dbcc-4485-9c68-96ecc6141c30}</UniqueIdentifier>
    </Filter>
    <Filter Include="Src\Perception">
      <UniqueIdentifier>{5c2cd801-1802-4c3e-a26e-52a31d49eb12}</UniqueIdentifier>
    </Filter>
    <Filter Include="Src\Steering">
      <UniqueIdentifier>{3b622f31-22bf-4912-8e99-a59054bef8b2}</UniqueIdentifier>
    </Filter>
    <Filter Include="Inc\Steering3D">
      <UniqueIdentifier>{da54e3e6-d20f-4808-a707-a4c83e02c478}</UniqueIdentifier>
    </Filter>
    <Filter Include="Src\Steering3D">
      <UniqueIdentifier>{2a95478a-90d6-47f1-990c-eda0338e3e87}</UniqueIdentifier>
    </Filter>
    <Filter Include="Inc\Perception3D">
      <UniqueIdentifier>{535609a7-578e-40a5-b842-e48d03780a67}</UniqueIdentifier>
    </Filter>
    <Filter Include="Src\Perception3D">
      <UniqueIdentifier>{96b62c51-826c-42e8-84ea-770425ccd891}</UniqueIdentifier>
    </Filter>
  </ItemGroup>
  <ItemGroup>
    <ClCompile Include="Src\Precompiled.cpp">
      <Filter>Src</Filter>
    </ClCompile>
    <ClCompile Include="Src\Agent.cpp">
      <Filter>Src</Filter>
    </ClCompile>
    <ClCompile Include="Src\AIWorld.cpp">
      <Filter>Src</Filter>
    </ClCompile>
    <ClCompile Include="Src\Entity.cpp">
      <Filter>Src</Filter>
    </ClCompile>
    <ClCompile Include="Src\PerceptionModule.cpp">
      <Filter>Src\Perception</Filter>
    </ClCompile>
    <ClCompile Include="Src\ArriveBehavior.cpp">
      <Filter>Src\Steering</Filter>
    </ClCompile>
    <ClCompile Include="Src\EvadeBehavior.cpp">
      <Filter>Src\Steering</Filter>
    </ClCompile>
    <ClCompile Include="Src\FleeBehavior.cpp">
      <Filter>Src\Steering</Filter>
    </ClCompile>
    <ClCompile Include="Src\GroupAlignmentBehavior.cpp">
      <Filter>Src\Steering</Filter>
    </ClCompile>
    <ClCompile Include="Src\GroupCohesionBehavior.cpp">
      <Filter>Src\Steering</Filter>
    </ClCompile>
    <ClCompile Include="Src\GroupSeparationBehavior.cpp">
      <Filter>Src\Steering</Filter>
    </ClCompile>
    <ClCompile Include="Src\HideBehavior.cpp">
      <Filter>Src\Steering</Filter>
    </ClCompile>
    <ClCompile Include="Src\InterposeBehavior.cpp">
      <Filter>Src\Steering</Filter>
    </ClCompile>
    <ClCompile Include="Src\ObstacleAvoidBehavior.cpp">
      <Filter>Src\Steering</Filter>
    </ClCompile>
    <ClCompile Include="Src\PathFollowingBehavior.cpp">
      <Filter>Src\Steering</Filter>
    </ClCompile>
    <ClCompile Include="Src\PursuitBehavior.cpp">
      <Filter>Src\Steering</Filter>
    </ClCompile>
    <ClCompile Include="Src\SeekBehavior.cpp">
      <Filter>Src\Steering</Filter>
    </ClCompile>
    <ClCompile Include="Src\SteeringModule.cpp">
      <Filter>Src\Steering</Filter>
    </ClCompile>
    <ClCompile Include="Src\WallAvoidBehavior.cpp">
      <Filter>Src\Steering</Filter>
    </ClCompile>
    <ClCompile Include="Src\WanderBehavior.cpp">
      <Filter>Src\Steering</Filter>
    </ClCompile>
    <ClCompile Include="Src\Agent3D.cpp">
      <Filter>Src</Filter>
    </ClCompile>
    <ClCompile Include="Src\Entity3D.cpp">
      <Filter>Src</Filter>
    </ClCompile>
    <ClCompile Include="Src\AIWorld3D.cpp">
      <Filter>Src</Filter>
    </ClCompile>
    <ClCompile Include="Src\SteeringModule3D.cpp">
      <Filter>Src\Steering3D</Filter>
    </ClCompile>
    <ClCompile Include="Src\SeekBehavior3D.cpp">
      <Filter>Src\Steering3D</Filter>
    </ClCompile>
    <ClCompile Include="Src\FleeBehavior3D.cpp">
      <Filter>Src\Steering3D</Filter>
    </ClCompile>
    <ClCompile Include="Src\ArriveBehavior3D.cpp">
      <Filter>Src\Steering3D</Filter>
    </ClCompile>
    <ClCompile Include="Src\WanderBehavior3D.cpp">
      <Filter>Src\Steering3D</Filter>
    </ClCompile>
    <ClCompile Include="Src\GroupAlignmentBehavior3D.cpp">
      <Filter>Src\Steering3D</Filter>
    </ClCompile>
    <ClCompile Include="Src\GroupCohesionBehavior3D.cpp">
      <Filter>Src\Steering3D</Filter>
    </ClCompile>
    <ClCompile Include="Src\GroupSeparationBehavior3D.cpp">
      <Filter>Src\Steering3D</Filter>
    </ClCompile>
    <ClCompile Include="Src\ObstacleAvoidBehavior3D.cpp">
      <Filter>Src\Steering3D</Filter>
    </ClCompile>
    <ClCompile Include="Src\PerceptionModule3D.cpp">
      <Filter>Src\Perception3D</Filter>
    </ClCompile>
    <ClCompile Include="Src\WallAvoidBehavior3D.cpp">
      <Filter>Src\Steering3D</Filter>
    </ClCompile>
  </ItemGroup>
  <ItemGroup>
    <None Include="Inc\DecisionModule.inl">
      <Filter>Inc</Filter>
    </None>
    <None Include="Inc\GoalComposite.inl">
      <Filter>Inc</Filter>
    </None>
    <None Include="Inc\Goal.inl">
      <Filter>Inc</Filter>
    </None>
  </ItemGroup>
</Project>