
Microsoft Visual Studio Solution File, Format Version 12.00
# Visual Studio 15
VisualStudioVersion = 15.0.28307.539
MinimumVisualStudioVersion = 10.0.40219.1
Project("{2150E333-8FDC-42A3-9474-1A3956D46DE8}") = "Framework", "Framework", "{C61150ED-0381-47A4-9EE9-7F822E2E7FE0}"
EndProject
Project("{2150E333-8FDC-42A3-9474-1A3956D46DE8}") = "VGP242", "VGP242", "{F8F73C5D-647C-443E-BA46-E8CCCA84732B}"
EndProject
Project("{2150E333-8FDC-42A3-9474-1A3956D46DE8}") = "UnitsTests", "UnitsTests", "{C29C82DD-C3F8-40A0-B865-EEF030C91020}"
EndProject
Project("{2150E333-8FDC-42A3-9474-1A3956D46DE8}") = "Assets", "Assets", "{654E216C-2401-452C-B31E-CDB2BFC214C9}"
EndProject
Project("{2150E333-8FDC-42A3-9474-1A3956D46DE8}") = "Shaders", "Shaders", "{AE9816CC-5DEC-48A5-B9FA-774182C92212}"
	ProjectSection(SolutionItems) = preProject
		Assets\Shaders\DepthMap.fx = Assets\Shaders\DepthMap.fx
		Assets\Shaders\DoLighting.fx = Assets\Shaders\DoLighting.fx
		Assets\Shaders\DoNothing.fx = Assets\Shaders\DoNothing.fx
		Assets\Shaders\DoSomething.fx = Assets\Shaders\DoSomething.fx
		Assets\Shaders\DoTransform.fx = Assets\Shaders\DoTransform.fx
		Assets\Shaders\Dynamic_Wave_Geometry.fx = Assets\Shaders\Dynamic_Wave_Geometry.fx
		Assets\Shaders\Particle.fx = Assets\Shaders\Particle.fx
		Assets\Shaders\PostProcess.fx = Assets\Shaders\PostProcess.fx
		Assets\Shaders\PostProcess_DepthBlur.fx = Assets\Shaders\PostProcess_DepthBlur.fx
		Assets\Shaders\PostProcess_GetDepth.fx = Assets\Shaders\PostProcess_GetDepth.fx
		Assets\Shaders\PostProcess_Standard.fx = Assets\Shaders\PostProcess_Standard.fx
		Assets\Shaders\SimpleDraw.fx = Assets\Shaders\SimpleDraw.fx
		Assets\Shaders\Standard.fx = Assets\Shaders\Standard.fx
		Assets\Shaders\Standard_Material.fx = Assets\Shaders\Standard_Material.fx
		Assets\Shaders\Standard_Model_With_Skin_ZMZ.fx = Assets\Shaders\Standard_Model_With_Skin_ZMZ.fx
		Assets\Shaders\Standard_Model_ZMZ.fx = Assets\Shaders\Standard_Model_ZMZ.fx
		Assets\Shaders\Standard_noTexture.fx = Assets\Shaders\Standard_noTexture.fx
		Assets\Shaders\Standard_PeterChan.fx = Assets\Shaders\Standard_PeterChan.fx
		Assets\Shaders\Standard_Skining.fx = Assets\Shaders\Standard_Skining.fx
		Assets\Shaders\StandardMeshEffect.fx = Assets\Shaders\StandardMeshEffect.fx
		Assets\Shaders\Terrain.fx = Assets\Shaders\Terrain.fx
		Assets\Shaders\Texturing.fx = Assets\Shaders\Texturing.fx
	EndProjectSection
EndProject
Project("{2150E333-8FDC-42A3-9474-1A3956D46DE8}") = "External", "External", "{FADEE6EF-C938-4F2A-A564-F0C59625130C}"
EndProject
Project("{8BC9CEB8-8B4A-11D0-8D11-00A0C91BC942}") = "DirectXTK_Desktop_2017", "External\DirectXTK\DirectXTK_Desktop_2017.vcxproj", "{E0B52AE7-E160-4D32-BF3F-910B785E5A8E}"
EndProject
Project("{8BC9CEB8-8B4A-11D0-8D11-00A0C91BC942}") = "DirectXTKAudio_Desktop_2017_Win8", "External\DirectXTK\Audio\DirectXTKAudio_Desktop_2017_Win8.vcxproj", "{4F150A30-CECB-49D1-8283-6A3F57438CF5}"
EndProject
Project("{2150E333-8FDC-42A3-9474-1A3956D46DE8}") = "MingzhuoProject", "MingzhuoProject", "{91F11436-5857-40CD-808D-4E63B5ADBD19}"
EndProject
Project("{2150E333-8FDC-42A3-9474-1A3956D46DE8}") = "VGP330", "VGP330", "{07E45F6D-A4FB-4E3D-A3B5-B3257414B57F}"
EndProject
Project("{2150E333-8FDC-42A3-9474-1A3956D46DE8}") = "VGP332", "VGP332", "{1B5E7EF7-76CF-46DC-BE8B-BDD0441FDDF7}"
EndProject
Project("{8BC9CEB8-8B4A-11D0-8D11-00A0C91BC942}") = "ImGui", "External\ImGui\ImGui.vcxproj", "{BFF9C813-01AF-43B3-A23E-2C62F332B994}"
EndProject
Project("{2150E333-8FDC-42A3-9474-1A3956D46DE8}") = "Engine", "Engine", "{4A3AAEF4-D150-472B-B854-5A8F9A7C2397}"
EndProject
Project("{2150E333-8FDC-42A3-9474-1A3956D46DE8}") = "Tools", "Tools", "{FAEB699D-9418-4E4C-9D81-EEF993E90D3D}"
EndProject
Project("{8BC9CEB8-8B4A-11D0-8D11-00A0C91BC942}") = "ModelImporter", "Tools\ModelImporter\ModelImporter.vcxproj", "{F0D21E55-ABFD-4690-9233-0A6150B17A4E}"
EndProject
Project("{2150E333-8FDC-42A3-9474-1A3956D46DE8}") = "VGP334", "VGP334", "{E96427CC-12DD-4C79-A610-AE34EDE89A7A}"
EndProject
Project("{8BC9CEB8-8B4A-11D0-8D11-00A0C91BC942}") = "HelloPerception", "VGP332\HelloPerception\HelloPerception.vcxproj", "{1993EF72-87FB-4279-B582-22739004B347}"
EndProject
Project("{8BC9CEB8-8B4A-11D0-8D11-00A0C91BC942}") = "Graphics", "Framework\Graphics\Graphics.vcxproj", "{BD9AE01A-CC70-4160-83B8-1A95EB98813E}"
EndProject
Project("{8BC9CEB8-8B4A-11D0-8D11-00A0C91BC942}") = "NFGE", "Engine\NFGE\NFGE.vcxproj", "{B9018A67-56D0-4721-87BB-ED2D56D711FB}"
EndProject
Project("{8BC9CEB8-8B4A-11D0-8D11-00A0C91BC942}") = "Core", "Framework\Core\Core.vcxproj", "{AC6D1B23-E309-40BD-98D7-4599635B02E3}"
EndProject
Project("{8BC9CEB8-8B4A-11D0-8D11-00A0C91BC942}") = "12_HelloModel", "VGP334\12_HelloModel\12_HelloModel.vcxproj", "{68C5A7D4-A823-453C-AB26-770DEAB36A92}"
EndProject
Project("{8BC9CEB8-8B4A-11D0-8D11-00A0C91BC942}") = "AI", "Framework\AI\AI.vcxproj", "{39F409ED-2DC5-446C-B4BB-F9EFB3EA156E}"
EndProject
Project("{8BC9CEB8-8B4A-11D0-8D11-00A0C91BC942}") = "Input", "Framework\Input\Input.vcxproj", "{02DC0CE5-72DF-4F89-8AF2-FF9C0E351A1A}"
EndProject
Project("{8BC9CEB8-8B4A-11D0-8D11-00A0C91BC942}") = "Network", "Framework\Network\Network.vcxproj", "{368CFE8C-9921-44ED-A303-C5D655132509}"
EndProject
Project("{8BC9CEB8-8B4A-11D0-8D11-00A0C91BC942}") = "NFGEMath", "Framework\NFGEMath\NFGEMath.vcxproj", "{694B4271-998C-4611-A067-30709D0C8EA9}"
EndProject
Project("{8BC9CEB8-8B4A-11D0-8D11-00A0C91BC942}") = "ClothSimulation", "MingzhuoProject\ClothSimulation\ClothSimulation.vcxproj", "{539BF664-D08A-48C1-8539-869F07EBC508}"
EndProject
Project("{8BC9CEB8-8B4A-11D0-8D11-00A0C91BC942}") = "MathTest", "UnitTests\MathTest\MathTest.vcxproj", "{B4C48A48-6304-4654-B0E3-5A8705B52BBC}"
EndProject
Project("{8BC9CEB8-8B4A-11D0-8D11-00A0C91BC942}") = "00_HelloWorld", "VGP242\00_HelloWorld\00_HelloWorld.vcxproj", "{5383D748-C1F9-4FD6-A40B-2106D9D65ED4}"
EndProject
Project("{8BC9CEB8-8B4A-11D0-8D11-00A0C91BC942}") = "01_HelloWindow", "VGP242\01_HelloWindow\01_HelloWindow.vcxproj", "{DFD9CC6C-E2B7-401B-A40D-793BBD7F376A}"
EndProject
Project("{8BC9CEB8-8B4A-11D0-8D11-00A0C91BC942}") = "02_HelloTriangle", "VGP242\02_HelloTriangle\02_HelloTriangle.vcxproj", "{B5E2A147-9517-4755-ABF3-E3AB582CA9D6}"
EndProject
Project("{8BC9CEB8-8B4A-11D0-8D11-00A0C91BC942}") = "03_HelloShapes", "VGP242\03_HelloShapes\03_HelloShapes.vcxproj", "{E98DF022-F482-4AEC-8EED-9E3F242FC59A}"
EndProject
Project("{8BC9CEB8-8B4A-11D0-8D11-00A0C91BC942}") = "04_HelloCube", "VGP242\04_HelloCube\04_HelloCube.vcxproj", "{BC446A86-0A1C-474A-A379-F1037DC421E7}"
EndProject
Project("{8BC9CEB8-8B4A-11D0-8D11-00A0C91BC942}") = "04_HelloCube_Fromal", "VGP242\04_HelloCube_Fromal\04_HelloCube_Fromal.vcxproj", "{570525FB-246A-42A8-8E9C-8C2EB1D182A1}"
EndProject
Project("{8BC9CEB8-8B4A-11D0-8D11-00A0C91BC942}") = "04_HelloCube2", "VGP242\04_HelloCube2\04_HelloCube2.vcxproj", "{C2352E92-8E5D-4D2A-84B3-C77F05034B08}"
EndProject
Project("{8BC9CEB8-8B4A-11D0-8D11-00A0C91BC942}") = "05_HelloTextureMapping", "VGP242\05_HelloTextureMapping\05_HelloTextureMapping.vcxproj", "{EBCB82AD-8A5F-405D-BF2B-237958367DA6}"
EndProject
Project("{8BC9CEB8-8B4A-11D0-8D11-00A0C91BC942}") = "06_HelloPlanets", "VGP242\06_HelloPlanets\06_HelloPlanets.vcxproj", "{E516DDF9-A94B-4AE0-A4BA-BB17C7CFFE8D}"
EndProject
Project("{8BC9CEB8-8B4A-11D0-8D11-00A0C91BC942}") = "07_HelloSimpleDraw", "VGP330\07_HelloSimpleDraw\07_HelloSimpleDraw.vcxproj", "{9F90CF2A-2072-4639-A1CE-128011A3561E}"
EndProject
Project("{8BC9CEB8-8B4A-11D0-8D11-00A0C91BC942}") = "08_HelloDrawTexture", "VGP330\08_HelloDrawTexture\08_HelloDrawTexture.vcxproj", "{75214F6F-33B8-4EBA-A2A7-199777C7B456}"
EndProject
Project("{8BC9CEB8-8B4A-11D0-8D11-00A0C91BC942}") = "09_1_HelloLighting_AmySample", "VGP330\09_1_HelloLighting_AmySample\09_1_HelloLighting_AmySample.vcxproj", "{9E192E5B-3D12-4448-8712-9A1D7562CAAB}"
EndProject
Project("{8BC9CEB8-8B4A-11D0-8D11-00A0C91BC942}") = "09_HelloLighting", "VGP330\09_HelloLighting\09_HelloLighting.vcxproj", "{9F00356B-B3CD-4F07-BE27-53D1BA96561D}"
EndProject
Project("{8BC9CEB8-8B4A-11D0-8D11-00A0C91BC942}") = "10_HelloPostProcessing", "VGP330\10_HelloPostProcessing\10_HelloPostProcessing.vcxproj", "{7A0C6A2F-43E2-464E-9CF6-28F9873777BB}"
EndProject
Project("{8BC9CEB8-8B4A-11D0-8D11-00A0C91BC942}") = "10_HelloPostProcessingAdvance", "VGP330\10_HelloPostProcessingAdvance\10_HelloPostProcessingAdvance.vcxproj", "{DCB96B4E-37F0-4A42-B001-B197BDA7ACAF}"
EndProject
Project("{8BC9CEB8-8B4A-11D0-8D11-00A0C91BC942}") = "11_HelloParticalSystem", "VGP330\11_HelloParticalSystem\11_HelloParticalSystem.vcxproj", "{621B0D2A-9B1F-4AD3-B5DB-C14C092C63B1}"
EndProject
Project("{8BC9CEB8-8B4A-11D0-8D11-00A0C91BC942}") = "HelloImgui", "VGP330\HelloImgui\HelloImgui.vcxproj", "{E4F780AA-D245-4A33-A34C-A8D886B23DBF}"
EndProject
Project("{8BC9CEB8-8B4A-11D0-8D11-00A0C91BC942}") = "Hello3DGroupBehavior", "VGP332\Hello3DGroupBehavior\Hello3DGroupBehavior.vcxproj", "{DB40F645-08E4-4F9D-A850-1916A973013B}"
EndProject
Project("{8BC9CEB8-8B4A-11D0-8D11-00A0C91BC942}") = "Hello3DSteering", "VGP332\Hello3DSteering\Hello3DSteering.vcxproj", "{D232556D-0352-48B3-970C-71EC5C9E2895}"
EndProject
Project("{8BC9CEB8-8B4A-11D0-8D11-00A0C91BC942}") = "HelloGroupBehavior", "VGP332\HelloGroupBehavior\HelloGroupBehavior.vcxproj", "{9136EADB-4C5D-4C05-BC0B-3C831B773033}"
EndProject
Project("{8BC9CEB8-8B4A-11D0-8D11-00A0C91BC942}") = "HelloPathFinding", "VGP332\HelloPathFinding\HelloPathFinding.vcxproj", "{64F8C77F-EC19-4BD9-8EF6-E87409198719}"
EndProject
Project("{8BC9CEB8-8B4A-11D0-8D11-00A0C91BC942}") = "HelloPerception3D", "VGP332\HelloPerception3D\HelloPerception3D.vcxproj", "{5C391622-8F16-4AE2-B938-016D7F392650}"
EndProject
Project("{8BC9CEB8-8B4A-11D0-8D11-00A0C91BC942}") = "HelloRoboticArm", "VGP334\HelloRoboticArm\HelloRoboticArm.vcxproj", "{23635582-5FE7-46B6-BCE2-B4C57A1B3B1C}"
EndProject
Project("{8BC9CEB8-8B4A-11D0-8D11-00A0C91BC942}") = "14_HelloTentacle", "VGP334\14_HelloTentacle\14_HelloTentacle.vcxproj", "{409A69D9-5396-4796-B02F-3A8F37A8E3DB}"
EndProject
Project("{8BC9CEB8-8B4A-11D0-8D11-00A0C91BC942}") = "15_Hello_Skeleton", "VGP334\15_Hello_Skeleton\15_Hello_Skeleton.vcxproj", "{EA9ADE00-3186-410B-9562-77356FBF6064}"
EndProject
Project("{8BC9CEB8-8B4A-11D0-8D11-00A0C91BC942}") = "LaCelleCraft", "VGP332\LaCelleCraft\LaCelleCraft.vcxproj", "{0E06C19B-EAC6-45D5-9A42-B8991D1179C8}"
EndProject
Project("{8BC9CEB8-8B4A-11D0-8D11-00A0C91BC942}") = "16_HelloYbot", "VGP334\16_HelloYbot\16_HelloYbot.vcxproj", "{922C4552-B895-4FD0-98EF-53EF802E2024}"
EndProject
Project("{8BC9CEB8-8B4A-11D0-8D11-00A0C91BC942}") = "Physics", "Framework\Physics\Physics.vcxproj", "{F3926E99-4DCE-47E3-819F-E064CBA86B41}"
EndProject
Project("{8BC9CEB8-8B4A-11D0-8D11-00A0C91BC942}") = "17_HelloPhysics", "VGP334\17_HelloPhysics\17_HelloPhysics.vcxproj", "{518E294E-EAA2-457D-AAA6-CF38608DB549}"
EndProject
Project("{8BC9CEB8-8B4A-11D0-8D11-00A0C91BC942}") = "CoreTest", "UnitTests\CoreTest\CoreTest.vcxproj", "{0C666E47-FF4F-47D4-B183-D09BA9D26984}"
EndProject
Project("{8BC9CEB8-8B4A-11D0-8D11-00A0C91BC942}") = "HelloSteeringAdvance", "VGP332\HelloSteeringAdvance\HelloSteeringAdvance.vcxproj", "{106967CF-A2F6-4299-B245-E0DD097E3D5F}"
EndProject
Project("{8BC9CEB8-8B4A-11D0-8D11-00A0C91BC942}") = "NFGEEditor", "Tools\NFGEEditor\NFGEEditor.vcxproj", "{42BE6096-950B-403A-A759-A2123156EF5F}"
EndProject
Project("{8BC9CEB8-8B4A-11D0-8D11-00A0C91BC942}") = "12_HelloEffectManager", "VGP330\12_HelloEffectManager\12_HelloEffectManager.vcxproj", "{230A67C8-DF4B-48B5-B964-DFDBAAE97D5B}"
EndProject
Project("{8BC9CEB8-8B4A-11D0-8D11-00A0C91BC942}") = "HelloShadowMapping", "VGP330\HelloShadowMapping\HelloShadowMapping.vcxproj", "{472A5ADB-E054-4B06-985F-5E6000485D4C}"
EndProject
Project("{8BC9CEB8-8B4A-11D0-8D11-00A0C91BC942}") = "11_HelloEarth", "VGP330\11_HelloEarth\11_HelloEarth.vcxproj", "{C7CBC282-8D49-4CDF-A257-7702DB1CE5B8}"
EndProject
Project("{2150E333-8FDC-42A3-9474-1A3956D46DE8}") = "Effects", "Effects", "{0A3627B6-996B-4A69-B486-801E7110549B}"
	ProjectSection(SolutionItems) = preProject
		Assets\Shaders\Effects\Effect_ColorMesh.fx = Assets\Shaders\Effects\Effect_ColorMesh.fx
		Assets\Shaders\Effects\Effect_ModelMesh.fx = Assets\Shaders\Effects\Effect_ModelMesh.fx
		Assets\Shaders\Effects\Effect_OnScreen.fx = Assets\Shaders\Effects\Effect_OnScreen.fx
		Assets\Shaders\Effects\Effect_SkeletonModelMesh.fx = Assets\Shaders\Effects\Effect_SkeletonModelMesh.fx
		Assets\Shaders\Effects\Effect_StandardMesh.fx = Assets\Shaders\Effects\Effect_StandardMesh.fx
		Assets\Shaders\Effects\Effect_TextureMesh.fx = Assets\Shaders\Effects\Effect_TextureMesh.fx
	EndProjectSection
EndProject
Project("{2150E333-8FDC-42A3-9474-1A3956D46DE8}") = "PostProcesses", "PostProcesses", "{A82554A5-51BC-400B-81CD-E7760DD52B51}"
	ProjectSection(SolutionItems) = preProject
		Assets\Shaders\PostProcesses\PostProcess_DepthBlue_Pre.fx = Assets\Shaders\PostProcesses\PostProcess_DepthBlue_Pre.fx
		Assets\Shaders\PostProcesses\PostProcess_DepthBlur_Post.fx = Assets\Shaders\PostProcesses\PostProcess_DepthBlur_Post.fx
		Assets\Shaders\PostProcesses\PostProcess_None.fx = Assets\Shaders\PostProcesses\PostProcess_None.fx
		Assets\Shaders\PostProcesses\PostProcess_Pixelate.fx = Assets\Shaders\PostProcesses\PostProcess_Pixelate.fx
		Assets\Shaders\PostProcesses\PostProcess_Shadow.fx = Assets\Shaders\PostProcesses\PostProcess_Shadow.fx
	EndProjectSection
EndProject
Project("{8BC9CEB8-8B4A-11D0-8D11-00A0C91BC942}") = "Gabby", "MingzhuoProject\Gabby\Gabby.vcxproj", "{C2F0D4CC-20B7-4E8B-AEE1-8DAEB568D3EC}"
EndProject
Project("{8BC9CEB8-8B4A-11D0-8D11-00A0C91BC942}") = "YBot_Simulation", "MingzhuoProject\YBot_Simulation\YBot_Simulation.vcxproj", "{740DBB66-516E-4476-8AF3-B0417A2A2778}"
EndProject
Global
	GlobalSection(SolutionConfigurationPlatforms) = preSolution
		Debug|x64 = Debug|x64
		Debug|x86 = Debug|x86
		Release|x64 = Release|x64
		Release|x86 = Release|x86
	EndGlobalSection
	GlobalSection(ProjectConfigurationPlatforms) = postSolution
		{E0B52AE7-E160-4D32-BF3F-910B785E5A8E}.Debug|x64.ActiveCfg = Debug|x64
		{E0B52AE7-E160-4D32-BF3F-910B785E5A8E}.Debug|x64.Build.0 = Debug|x64
		{E0B52AE7-E160-4D32-BF3F-910B785E5A8E}.Debug|x86.ActiveCfg = Debug|Win32
		{E0B52AE7-E160-4D32-BF3F-910B785E5A8E}.Debug|x86.Build.0 = Debug|Win32
		{E0B52AE7-E160-4D32-BF3F-910B785E5A8E}.Release|x64.ActiveCfg = Release|x64
		{E0B52AE7-E160-4D32-BF3F-910B785E5A8E}.Release|x64.Build.0 = Release|x64
		{E0B52AE7-E160-4D32-BF3F-910B785E5A8E}.Release|x86.ActiveCfg = Release|Win32
		{E0B52AE7-E160-4D32-BF3F-910B785E5A8E}.Release|x86.Build.0 = Release|Win32
		{4F150A30-CECB-49D1-8283-6A3F57438CF5}.Debug|x64.ActiveCfg = Debug|x64
		{4F150A30-CECB-49D1-8283-6A3F57438CF5}.Debug|x64.Build.0 = Debug|x64
		{4F150A30-CECB-49D1-8283-6A3F57438CF5}.Debug|x86.ActiveCfg = Debug|Win32
		{4F150A30-CECB-49D1-8283-6A3F57438CF5}.Debug|x86.Build.0 = Debug|Win32
		{4F150A30-CECB-49D1-8283-6A3F57438CF5}.Release|x64.ActiveCfg = Release|x64
		{4F150A30-CECB-49D1-8283-6A3F57438CF5}.Release|x64.Build.0 = Release|x64
		{4F150A30-CECB-49D1-8283-6A3F57438CF5}.Release|x86.ActiveCfg = Release|Win32
		{4F150A30-CECB-49D1-8283-6A3F57438CF5}.Release|x86.Build.0 = Release|Win32
		{BFF9C813-01AF-43B3-A23E-2C62F332B994}.Debug|x64.ActiveCfg = Debug|x64
		{BFF9C813-01AF-43B3-A23E-2C62F332B994}.Debug|x64.Build.0 = Debug|x64
		{BFF9C813-01AF-43B3-A23E-2C62F332B994}.Debug|x86.ActiveCfg = Debug|Win32
		{BFF9C813-01AF-43B3-A23E-2C62F332B994}.Debug|x86.Build.0 = Debug|Win32
		{BFF9C813-01AF-43B3-A23E-2C62F332B994}.Release|x64.ActiveCfg = Release|x64
		{BFF9C813-01AF-43B3-A23E-2C62F332B994}.Release|x64.Build.0 = Release|x64
		{BFF9C813-01AF-43B3-A23E-2C62F332B994}.Release|x86.ActiveCfg = Release|Win32
		{BFF9C813-01AF-43B3-A23E-2C62F332B994}.Release|x86.Build.0 = Release|Win32
		{F0D21E55-ABFD-4690-9233-0A6150B17A4E}.Debug|x64.ActiveCfg = Debug|Win32
		{F0D21E55-ABFD-4690-9233-0A6150B17A4E}.Debug|x64.Build.0 = Debug|Win32
		{F0D21E55-ABFD-4690-9233-0A6150B17A4E}.Debug|x86.ActiveCfg = Debug|Win32
		{F0D21E55-ABFD-4690-9233-0A6150B17A4E}.Debug|x86.Build.0 = Debug|Win32
		{F0D21E55-ABFD-4690-9233-0A6150B17A4E}.Release|x64.ActiveCfg = Release|x64
		{F0D21E55-ABFD-4690-9233-0A6150B17A4E}.Release|x64.Build.0 = Release|x64
		{F0D21E55-ABFD-4690-9233-0A6150B17A4E}.Release|x86.ActiveCfg = Release|Win32
		{F0D21E55-ABFD-4690-9233-0A6150B17A4E}.Release|x86.Build.0 = Release|Win32
		{1993EF72-87FB-4279-B582-22739004B347}.Debug|x64.ActiveCfg = Debug|x64
		{1993EF72-87FB-4279-B582-22739004B347}.Debug|x64.Build.0 = Debug|x64
		{1993EF72-87FB-4279-B582-22739004B347}.Debug|x86.ActiveCfg = Debug|Win32
		{1993EF72-87FB-4279-B582-22739004B347}.Debug|x86.Build.0 = Debug|Win32
		{1993EF72-87FB-4279-B582-22739004B347}.Release|x64.ActiveCfg = Release|x64
		{1993EF72-87FB-4279-B582-22739004B347}.Release|x64.Build.0 = Release|x64
		{1993EF72-87FB-4279-B582-22739004B347}.Release|x86.ActiveCfg = Release|Win32
		{1993EF72-87FB-4279-B582-22739004B347}.Release|x86.Build.0 = Release|Win32
		{BD9AE01A-CC70-4160-83B8-1A95EB98813E}.Debug|x64.ActiveCfg = Debug|x64
		{BD9AE01A-CC70-4160-83B8-1A95EB98813E}.Debug|x64.Build.0 = Debug|x64
		{BD9AE01A-CC70-4160-83B8-1A95EB98813E}.Debug|x86.ActiveCfg = Debug|Win32
		{BD9AE01A-CC70-4160-83B8-1A95EB98813E}.Debug|x86.Build.0 = Debug|Win32
		{BD9AE01A-CC70-4160-83B8-1A95EB98813E}.Release|x64.ActiveCfg = Release|x64
		{BD9AE01A-CC70-4160-83B8-1A95EB98813E}.Release|x64.Build.0 = Release|x64
		{BD9AE01A-CC70-4160-83B8-1A95EB98813E}.Release|x86.ActiveCfg = Release|Win32
		{BD9AE01A-CC70-4160-83B8-1A95EB98813E}.Release|x86.Build.0 = Release|Win32
		{B9018A67-56D0-4721-87BB-ED2D56D711FB}.Debug|x64.ActiveCfg = Debug|x64
		{B9018A67-56D0-4721-87BB-ED2D56D711FB}.Debug|x64.Build.0 = Debug|x64
		{B9018A67-56D0-4721-87BB-ED2D56D711FB}.Debug|x86.ActiveCfg = Debug|Win32
		{B9018A67-56D0-4721-87BB-ED2D56D711FB}.Debug|x86.Build.0 = Debug|Win32
		{B9018A67-56D0-4721-87BB-ED2D56D711FB}.Release|x64.ActiveCfg = Release|x64
		{B9018A67-56D0-4721-87BB-ED2D56D711FB}.Release|x64.Build.0 = Release|x64
		{B9018A67-56D0-4721-87BB-ED2D56D711FB}.Release|x86.ActiveCfg = Release|Win32
		{B9018A67-56D0-4721-87BB-ED2D56D711FB}.Release|x86.Build.0 = Release|Win32
		{AC6D1B23-E309-40BD-98D7-4599635B02E3}.Debug|x64.ActiveCfg = Debug|x64
		{AC6D1B23-E309-40BD-98D7-4599635B02E3}.Debug|x64.Build.0 = Debug|x64
		{AC6D1B23-E309-40BD-98D7-4599635B02E3}.Debug|x86.ActiveCfg = Debug|Win32
		{AC6D1B23-E309-40BD-98D7-4599635B02E3}.Debug|x86.Build.0 = Debug|Win32
		{AC6D1B23-E309-40BD-98D7-4599635B02E3}.Release|x64.ActiveCfg = Release|x64
		{AC6D1B23-E309-40BD-98D7-4599635B02E3}.Release|x64.Build.0 = Release|x64
		{AC6D1B23-E309-40BD-98D7-4599635B02E3}.Release|x86.ActiveCfg = Release|Win32
		{AC6D1B23-E309-40BD-98D7-4599635B02E3}.Release|x86.Build.0 = Release|Win32
		{68C5A7D4-A823-453C-AB26-770DEAB36A92}.Debug|x64.ActiveCfg = Debug|x64
		{68C5A7D4-A823-453C-AB26-770DEAB36A92}.Debug|x64.Build.0 = Debug|x64
		{68C5A7D4-A823-453C-AB26-770DEAB36A92}.Debug|x86.ActiveCfg = Debug|Win32
		{68C5A7D4-A823-453C-AB26-770DEAB36A92}.Debug|x86.Build.0 = Debug|Win32
		{68C5A7D4-A823-453C-AB26-770DEAB36A92}.Release|x64.ActiveCfg = Release|x64
		{68C5A7D4-A823-453C-AB26-770DEAB36A92}.Release|x64.Build.0 = Release|x64
		{68C5A7D4-A823-453C-AB26-770DEAB36A92}.Release|x86.ActiveCfg = Release|Win32
		{68C5A7D4-A823-453C-AB26-770DEAB36A92}.Release|x86.Build.0 = Release|Win32
		{39F409ED-2DC5-446C-B4BB-F9EFB3EA156E}.Debug|x64.ActiveCfg = Debug|x64
		{39F409ED-2DC5-446C-B4BB-F9EFB3EA156E}.Debug|x64.Build.0 = Debug|x64
		{39F409ED-2DC5-446C-B4BB-F9EFB3EA156E}.Debug|x86.ActiveCfg = Debug|Win32
		{39F409ED-2DC5-446C-B4BB-F9EFB3EA156E}.Debug|x86.Build.0 = Debug|Win32
		{39F409ED-2DC5-446C-B4BB-F9EFB3EA156E}.Release|x64.ActiveCfg = Release|x64
		{39F409ED-2DC5-446C-B4BB-F9EFB3EA156E}.Release|x64.Build.0 = Release|x64
		{39F409ED-2DC5-446C-B4BB-F9EFB3EA156E}.Release|x86.ActiveCfg = Release|Win32
		{39F409ED-2DC5-446C-B4BB-F9EFB3EA156E}.Release|x86.Build.0 = Release|Win32
		{02DC0CE5-72DF-4F89-8AF2-FF9C0E351A1A}.Debug|x64.ActiveCfg = Debug|x64
		{02DC0CE5-72DF-4F89-8AF2-FF9C0E351A1A}.Debug|x64.Build.0 = Debug|x64
		{02DC0CE5-72DF-4F89-8AF2-FF9C0E351A1A}.Debug|x86.ActiveCfg = Debug|Win32
		{02DC0CE5-72DF-4F89-8AF2-FF9C0E351A1A}.Debug|x86.Build.0 = Debug|Win32
		{02DC0CE5-72DF-4F89-8AF2-FF9C0E351A1A}.Release|x64.ActiveCfg = Release|x64
		{02DC0CE5-72DF-4F89-8AF2-FF9C0E351A1A}.Release|x64.Build.0 = Release|x64
		{02DC0CE5-72DF-4F89-8AF2-FF9C0E351A1A}.Release|x86.ActiveCfg = Release|Win32
		{02DC0CE5-72DF-4F89-8AF2-FF9C0E351A1A}.Release|x86.Build.0 = Release|Win32
		{368CFE8C-9921-44ED-A303-C5D655132509}.Debug|x64.ActiveCfg = Debug|x64
		{368CFE8C-9921-44ED-A303-C5D655132509}.Debug|x64.Build.0 = Debug|x64
		{368CFE8C-9921-44ED-A303-C5D655132509}.Debug|x86.ActiveCfg = Debug|Win32
		{368CFE8C-9921-44ED-A303-C5D655132509}.Debug|x86.Build.0 = Debug|Win32
		{368CFE8C-9921-44ED-A303-C5D655132509}.Release|x64.ActiveCfg = Release|x64
		{368CFE8C-9921-44ED-A303-C5D655132509}.Release|x64.Build.0 = Release|x64
		{368CFE8C-9921-44ED-A303-C5D655132509}.Release|x86.ActiveCfg = Release|Win32
		{368CFE8C-9921-44ED-A303-C5D655132509}.Release|x86.Build.0 = Release|Win32
		{694B4271-998C-4611-A067-30709D0C8EA9}.Debug|x64.ActiveCfg = Debug|x64
		{694B4271-998C-4611-A067-30709D0C8EA9}.Debug|x64.Build.0 = Debug|x64
		{694B4271-998C-4611-A067-30709D0C8EA9}.Debug|x86.ActiveCfg = Debug|Win32
		{694B4271-998C-4611-A067-30709D0C8EA9}.Debug|x86.Build.0 = Debug|Win32
		{694B4271-998C-4611-A067-30709D0C8EA9}.Release|x64.ActiveCfg = Release|x64
		{694B4271-998C-4611-A067-30709D0C8EA9}.Release|x64.Build.0 = Release|x64
		{694B4271-998C-4611-A067-30709D0C8EA9}.Release|x86.ActiveCfg = Release|Win32
		{694B4271-998C-4611-A067-30709D0C8EA9}.Release|x86.Build.0 = Release|Win32
		{539BF664-D08A-48C1-8539-869F07EBC508}.Debug|x64.ActiveCfg = Debug|x64
		{539BF664-D08A-48C1-8539-869F07EBC508}.Debug|x64.Build.0 = Debug|x64
		{539BF664-D08A-48C1-8539-869F07EBC508}.Debug|x86.ActiveCfg = Debug|Win32
		{539BF664-D08A-48C1-8539-869F07EBC508}.Debug|x86.Build.0 = Debug|Win32
		{539BF664-D08A-48C1-8539-869F07EBC508}.Release|x64.ActiveCfg = Release|x64
		{539BF664-D08A-48C1-8539-869F07EBC508}.Release|x64.Build.0 = Release|x64
		{539BF664-D08A-48C1-8539-869F07EBC508}.Release|x86.ActiveCfg = Release|Win32
		{539BF664-D08A-48C1-8539-869F07EBC508}.Release|x86.Build.0 = Release|Win32
		{B4C48A48-6304-4654-B0E3-5A8705B52BBC}.Debug|x64.ActiveCfg = Debug|x64
		{B4C48A48-6304-4654-B0E3-5A8705B52BBC}.Debug|x64.Build.0 = Debug|x64
		{B4C48A48-6304-4654-B0E3-5A8705B52BBC}.Debug|x86.ActiveCfg = Debug|Win32
		{B4C48A48-6304-4654-B0E3-5A8705B52BBC}.Debug|x86.Build.0 = Debug|Win32
		{B4C48A48-6304-4654-B0E3-5A8705B52BBC}.Release|x64.ActiveCfg = Release|x64
		{B4C48A48-6304-4654-B0E3-5A8705B52BBC}.Release|x64.Build.0 = Release|x64
		{B4C48A48-6304-4654-B0E3-5A8705B52BBC}.Release|x86.ActiveCfg = Release|Win32
		{B4C48A48-6304-4654-B0E3-5A8705B52BBC}.Release|x86.Build.0 = Release|Win32
		{5383D748-C1F9-4FD6-A40B-2106D9D65ED4}.Debug|x64.ActiveCfg = Debug|x64
		{5383D748-C1F9-4FD6-A40B-2106D9D65ED4}.Debug|x64.Build.0 = Debug|x64
		{5383D748-C1F9-4FD6-A40B-2106D9D65ED4}.Debug|x86.ActiveCfg = Debug|Win32
		{5383D748-C1F9-4FD6-A40B-2106D9D65ED4}.Debug|x86.Build.0 = Debug|Win32
		{5383D748-C1F9-4FD6-A40B-2106D9D65ED4}.Release|x64.ActiveCfg = Release|x64
		{5383D748-C1F9-4FD6-A40B-2106D9D65ED4}.Release|x64.Build.0 = Release|x64
		{5383D748-C1F9-4FD6-A40B-2106D9D65ED4}.Release|x86.ActiveCfg = Release|Win32
		{5383D748-C1F9-4FD6-A40B-2106D9D65ED4}.Release|x86.Build.0 = Release|Win32
		{DFD9CC6C-E2B7-401B-A40D-793BBD7F376A}.Debug|x64.ActiveCfg = Debug|x64
		{DFD9CC6C-E2B7-401B-A40D-793BBD7F376A}.Debug|x64.Build.0 = Debug|x64
		{DFD9CC6C-E2B7-401B-A40D-793BBD7F376A}.Debug|x86.ActiveCfg = Debug|Win32
		{DFD9CC6C-E2B7-401B-A40D-793BBD7F376A}.Debug|x86.Build.0 = Debug|Win32
		{DFD9CC6C-E2B7-401B-A40D-793BBD7F376A}.Release|x64.ActiveCfg = Release|x64
		{DFD9CC6C-E2B7-401B-A40D-793BBD7F376A}.Release|x64.Build.0 = Release|x64
		{DFD9CC6C-E2B7-401B-A40D-793BBD7F376A}.Release|x86.ActiveCfg = Release|Win32
		{DFD9CC6C-E2B7-401B-A40D-793BBD7F376A}.Release|x86.Build.0 = Release|Win32
		{B5E2A147-9517-4755-ABF3-E3AB582CA9D6}.Debug|x64.ActiveCfg = Debug|x64
		{B5E2A147-9517-4755-ABF3-E3AB582CA9D6}.Debug|x64.Build.0 = Debug|x64
		{B5E2A147-9517-4755-ABF3-E3AB582CA9D6}.Debug|x86.ActiveCfg = Debug|Win32
		{B5E2A147-9517-4755-ABF3-E3AB582CA9D6}.Debug|x86.Build.0 = Debug|Win32
		{B5E2A147-9517-4755-ABF3-E3AB582CA9D6}.Release|x64.ActiveCfg = Release|x64
		{B5E2A147-9517-4755-ABF3-E3AB582CA9D6}.Release|x64.Build.0 = Release|x64
		{B5E2A147-9517-4755-ABF3-E3AB582CA9D6}.Release|x86.ActiveCfg = Release|Win32
		{B5E2A147-9517-4755-ABF3-E3AB582CA9D6}.Release|x86.Build.0 = Release|Win32
		{E98DF022-F482-4AEC-8EED-9E3F242FC59A}.Debug|x64.ActiveCfg = Debug|x64
		{E98DF022-F482-4AEC-8EED-9E3F242FC59A}.Debug|x64.Build.0 = Debug|x64
		{E98DF022-F482-4AEC-8EED-9E3F242FC59A}.Debug|x86.ActiveCfg = Debug|Win32
		{E98DF022-F482-4AEC-8EED-9E3F242FC59A}.Debug|x86.Build.0 = Debug|Win32
		{E98DF022-F482-4AEC-8EED-9E3F242FC59A}.Release|x64.ActiveCfg = Release|x64
		{E98DF022-F482-4AEC-8EED-9E3F242FC59A}.Release|x64.Build.0 = Release|x64
		{E98DF022-F482-4AEC-8EED-9E3F242FC59A}.Release|x86.ActiveCfg = Release|Win32
		{E98DF022-F482-4AEC-8EED-9E3F242FC59A}.Release|x86.Build.0 = Release|Win32
		{BC446A86-0A1C-474A-A379-F1037DC421E7}.Debug|x64.ActiveCfg = Debug|x64
		{BC446A86-0A1C-474A-A379-F1037DC421E7}.Debug|x64.Build.0 = Debug|x64
		{BC446A86-0A1C-474A-A379-F1037DC421E7}.Debug|x86.ActiveCfg = Debug|Win32
		{BC446A86-0A1C-474A-A379-F1037DC421E7}.Debug|x86.Build.0 = Debug|Win32
		{BC446A86-0A1C-474A-A379-F1037DC421E7}.Release|x64.ActiveCfg = Release|x64
		{BC446A86-0A1C-474A-A379-F1037DC421E7}.Release|x64.Build.0 = Release|x64
		{BC446A86-0A1C-474A-A379-F1037DC421E7}.Release|x86.ActiveCfg = Release|Win32
		{BC446A86-0A1C-474A-A379-F1037DC421E7}.Release|x86.Build.0 = Release|Win32
		{570525FB-246A-42A8-8E9C-8C2EB1D182A1}.Debug|x64.ActiveCfg = Debug|x64
		{570525FB-246A-42A8-8E9C-8C2EB1D182A1}.Debug|x64.Build.0 = Debug|x64
		{570525FB-246A-42A8-8E9C-8C2EB1D182A1}.Debug|x86.ActiveCfg = Debug|Win32
		{570525FB-246A-42A8-8E9C-8C2EB1D182A1}.Debug|x86.Build.0 = Debug|Win32
		{570525FB-246A-42A8-8E9C-8C2EB1D182A1}.Release|x64.ActiveCfg = Release|x64
		{570525FB-246A-42A8-8E9C-8C2EB1D182A1}.Release|x64.Build.0 = Release|x64
		{570525FB-246A-42A8-8E9C-8C2EB1D182A1}.Release|x86.ActiveCfg = Release|Win32
		{570525FB-246A-42A8-8E9C-8C2EB1D182A1}.Release|x86.Build.0 = Release|Win32
		{C2352E92-8E5D-4D2A-84B3-C77F05034B08}.Debug|x64.ActiveCfg = Debug|x64
		{C2352E92-8E5D-4D2A-84B3-C77F05034B08}.Debug|x64.Build.0 = Debug|x64
		{C2352E92-8E5D-4D2A-84B3-C77F05034B08}.Debug|x86.ActiveCfg = Debug|Win32
		{C2352E92-8E5D-4D2A-84B3-C77F05034B08}.Debug|x86.Build.0 = Debug|Win32
		{C2352E92-8E5D-4D2A-84B3-C77F05034B08}.Release|x64.ActiveCfg = Release|x64
		{C2352E92-8E5D-4D2A-84B3-C77F05034B08}.Release|x64.Build.0 = Release|x64
		{C2352E92-8E5D-4D2A-84B3-C77F05034B08}.Release|x86.ActiveCfg = Release|Win32
		{C2352E92-8E5D-4D2A-84B3-C77F05034B08}.Release|x86.Build.0 = Release|Win32
		{EBCB82AD-8A5F-405D-BF2B-237958367DA6}.Debug|x64.ActiveCfg = Debug|x64
		{EBCB82AD-8A5F-405D-BF2B-237958367DA6}.Debug|x64.Build.0 = Debug|x64
		{EBCB82AD-8A5F-405D-BF2B-237958367DA6}.Debug|x86.ActiveCfg = Debug|Win32
		{EBCB82AD-8A5F-405D-BF2B-237958367DA6}.Debug|x86.Build.0 = Debug|Win32
		{EBCB82AD-8A5F-405D-BF2B-237958367DA6}.Release|x64.ActiveCfg = Release|x64
		{EBCB82AD-8A5F-405D-BF2B-237958367DA6}.Release|x64.Build.0 = Release|x64
		{EBCB82AD-8A5F-405D-BF2B-237958367DA6}.Release|x86.ActiveCfg = Release|Win32
		{EBCB82AD-8A5F-405D-BF2B-237958367DA6}.Release|x86.Build.0 = Release|Win32
		{E516DDF9-A94B-4AE0-A4BA-BB17C7CFFE8D}.Debug|x64.ActiveCfg = Debug|x64
		{E516DDF9-A94B-4AE0-A4BA-BB17C7CFFE8D}.Debug|x64.Build.0 = Debug|x64
		{E516DDF9-A94B-4AE0-A4BA-BB17C7CFFE8D}.Debug|x86.ActiveCfg = Debug|Win32
		{E516DDF9-A94B-4AE0-A4BA-BB17C7CFFE8D}.Debug|x86.Build.0 = Debug|Win32
		{E516DDF9-A94B-4AE0-A4BA-BB17C7CFFE8D}.Release|x64.ActiveCfg = Release|x64
		{E516DDF9-A94B-4AE0-A4BA-BB17C7CFFE8D}.Release|x64.Build.0 = Release|x64
		{E516DDF9-A94B-4AE0-A4BA-BB17C7CFFE8D}.Release|x86.ActiveCfg = Release|Win32
		{E516DDF9-A94B-4AE0-A4BA-BB17C7CFFE8D}.Release|x86.Build.0 = Release|Win32
		{9F90CF2A-2072-4639-A1CE-128011A3561E}.Debug|x64.ActiveCfg = Debug|x64
		{9F90CF2A-2072-4639-A1CE-128011A3561E}.Debug|x64.Build.0 = Debug|x64
		{9F90CF2A-2072-4639-A1CE-128011A3561E}.Debug|x86.ActiveCfg = Debug|Win32
		{9F90CF2A-2072-4639-A1CE-128011A3561E}.Debug|x86.Build.0 = Debug|Win32
		{9F90CF2A-2072-4639-A1CE-128011A3561E}.Release|x64.ActiveCfg = Release|x64
		{9F90CF2A-2072-4639-A1CE-128011A3561E}.Release|x64.Build.0 = Release|x64
		{9F90CF2A-2072-4639-A1CE-128011A3561E}.Release|x86.ActiveCfg = Release|Win32
		{9F90CF2A-2072-4639-A1CE-128011A3561E}.Release|x86.Build.0 = Release|Win32
		{75214F6F-33B8-4EBA-A2A7-199777C7B456}.Debug|x64.ActiveCfg = Debug|x64
		{75214F6F-33B8-4EBA-A2A7-199777C7B456}.Debug|x64.Build.0 = Debug|x64
		{75214F6F-33B8-4EBA-A2A7-199777C7B456}.Debug|x86.ActiveCfg = Debug|Win32
		{75214F6F-33B8-4EBA-A2A7-199777C7B456}.Debug|x86.Build.0 = Debug|Win32
		{75214F6F-33B8-4EBA-A2A7-199777C7B456}.Release|x64.ActiveCfg = Release|x64
		{75214F6F-33B8-4EBA-A2A7-199777C7B456}.Release|x64.Build.0 = Release|x64
		{75214F6F-33B8-4EBA-A2A7-199777C7B456}.Release|x86.ActiveCfg = Release|Win32
		{75214F6F-33B8-4EBA-A2A7-199777C7B456}.Release|x86.Build.0 = Release|Win32
		{9E192E5B-3D12-4448-8712-9A1D7562CAAB}.Debug|x64.ActiveCfg = Debug|x64
		{9E192E5B-3D12-4448-8712-9A1D7562CAAB}.Debug|x64.Build.0 = Debug|x64
		{9E192E5B-3D12-4448-8712-9A1D7562CAAB}.Debug|x86.ActiveCfg = Debug|Win32
		{9E192E5B-3D12-4448-8712-9A1D7562CAAB}.Debug|x86.Build.0 = Debug|Win32
		{9E192E5B-3D12-4448-8712-9A1D7562CAAB}.Release|x64.ActiveCfg = Release|x64
		{9E192E5B-3D12-4448-8712-9A1D7562CAAB}.Release|x64.Build.0 = Release|x64
		{9E192E5B-3D12-4448-8712-9A1D7562CAAB}.Release|x86.ActiveCfg = Release|Win32
		{9E192E5B-3D12-4448-8712-9A1D7562CAAB}.Release|x86.Build.0 = Release|Win32
		{9F00356B-B3CD-4F07-BE27-53D1BA96561D}.Debug|x64.ActiveCfg = Debug|x64
		{9F00356B-B3CD-4F07-BE27-53D1BA96561D}.Debug|x64.Build.0 = Debug|x64
		{9F00356B-B3CD-4F07-BE27-53D1BA96561D}.Debug|x86.ActiveCfg = Debug|Win32
		{9F00356B-B3CD-4F07-BE27-53D1BA96561D}.Debug|x86.Build.0 = Debug|Win32
		{9F00356B-B3CD-4F07-BE27-53D1BA96561D}.Release|x64.ActiveCfg = Release|x64
		{9F00356B-B3CD-4F07-BE27-53D1BA96561D}.Release|x64.Build.0 = Release|x64
		{9F00356B-B3CD-4F07-BE27-53D1BA96561D}.Release|x86.ActiveCfg = Release|Win32
		{9F00356B-B3CD-4F07-BE27-53D1BA96561D}.Release|x86.Build.0 = Release|Win32
		{7A0C6A2F-43E2-464E-9CF6-28F9873777BB}.Debug|x64.ActiveCfg = Debug|x64
		{7A0C6A2F-43E2-464E-9CF6-28F9873777BB}.Debug|x64.Build.0 = Debug|x64
		{7A0C6A2F-43E2-464E-9CF6-28F9873777BB}.Debug|x86.ActiveCfg = Debug|Win32
		{7A0C6A2F-43E2-464E-9CF6-28F9873777BB}.Debug|x86.Build.0 = Debug|Win32
		{7A0C6A2F-43E2-464E-9CF6-28F9873777BB}.Release|x64.ActiveCfg = Release|x64
		{7A0C6A2F-43E2-464E-9CF6-28F9873777BB}.Release|x64.Build.0 = Release|x64
		{7A0C6A2F-43E2-464E-9CF6-28F9873777BB}.Release|x86.ActiveCfg = Release|Win32
		{7A0C6A2F-43E2-464E-9CF6-28F9873777BB}.Release|x86.Build.0 = Release|Win32
		{DCB96B4E-37F0-4A42-B001-B197BDA7ACAF}.Debug|x64.ActiveCfg = Debug|x64
		{DCB96B4E-37F0-4A42-B001-B197BDA7ACAF}.Debug|x64.Build.0 = Debug|x64
		{DCB96B4E-37F0-4A42-B001-B197BDA7ACAF}.Debug|x86.ActiveCfg = Debug|Win32
		{DCB96B4E-37F0-4A42-B001-B197BDA7ACAF}.Debug|x86.Build.0 = Debug|Win32
		{DCB96B4E-37F0-4A42-B001-B197BDA7ACAF}.Release|x64.ActiveCfg = Release|x64
		{DCB96B4E-37F0-4A42-B001-B197BDA7ACAF}.Release|x64.Build.0 = Release|x64
		{DCB96B4E-37F0-4A42-B001-B197BDA7ACAF}.Release|x86.ActiveCfg = Release|Win32
		{DCB96B4E-37F0-4A42-B001-B197BDA7ACAF}.Release|x86.Build.0 = Release|Win32
		{621B0D2A-9B1F-4AD3-B5DB-C14C092C63B1}.Debug|x64.ActiveCfg = Debug|x64
		{621B0D2A-9B1F-4AD3-B5DB-C14C092C63B1}.Debug|x64.Build.0 = Debug|x64
		{621B0D2A-9B1F-4AD3-B5DB-C14C092C63B1}.Debug|x86.ActiveCfg = Debug|Win32
		{621B0D2A-9B1F-4AD3-B5DB-C14C092C63B1}.Debug|x86.Build.0 = Debug|Win32
		{621B0D2A-9B1F-4AD3-B5DB-C14C092C63B1}.Release|x64.ActiveCfg = Release|x64
		{621B0D2A-9B1F-4AD3-B5DB-C14C092C63B1}.Release|x64.Build.0 = Release|x64
		{621B0D2A-9B1F-4AD3-B5DB-C14C092C63B1}.Release|x86.ActiveCfg = Release|Win32
		{621B0D2A-9B1F-4AD3-B5DB-C14C092C63B1}.Release|x86.Build.0 = Release|Win32
		{E4F780AA-D245-4A33-A34C-A8D886B23DBF}.Debug|x64.ActiveCfg = Debug|x64
		{E4F780AA-D245-4A33-A34C-A8D886B23DBF}.Debug|x64.Build.0 = Debug|x64
		{E4F780AA-D245-4A33-A34C-A8D886B23DBF}.Debug|x86.ActiveCfg = Debug|Win32
		{E4F780AA-D245-4A33-A34C-A8D886B23DBF}.Debug|x86.Build.0 = Debug|Win32
		{E4F780AA-D245-4A33-A34C-A8D886B23DBF}.Release|x64.ActiveCfg = Release|x64
		{E4F780AA-D245-4A33-A34C-A8D886B23DBF}.Release|x64.Build.0 = Release|x64
		{E4F780AA-D245-4A33-A34C-A8D886B23DBF}.Release|x86.ActiveCfg = Release|Win32
		{E4F780AA-D245-4A33-A34C-A8D886B23DBF}.Release|x86.Build.0 = Release|Win32
		{DB40F645-08E4-4F9D-A850-1916A973013B}.Debug|x64.ActiveCfg = Debug|x64
		{DB40F645-08E4-4F9D-A850-1916A973013B}.Debug|x64.Build.0 = Debug|x64
		{DB40F645-08E4-4F9D-A850-1916A973013B}.Debug|x86.ActiveCfg = Debug|Win32
		{DB40F645-08E4-4F9D-A850-1916A973013B}.Debug|x86.Build.0 = Debug|Win32
		{DB40F645-08E4-4F9D-A850-1916A973013B}.Release|x64.ActiveCfg = Release|x64
		{DB40F645-08E4-4F9D-A850-1916A973013B}.Release|x64.Build.0 = Release|x64
		{DB40F645-08E4-4F9D-A850-1916A973013B}.Release|x86.ActiveCfg = Release|Win32
		{DB40F645-08E4-4F9D-A850-1916A973013B}.Release|x86.Build.0 = Release|Win32
		{D232556D-0352-48B3-970C-71EC5C9E2895}.Debug|x64.ActiveCfg = Debug|x64
		{D232556D-0352-48B3-970C-71EC5C9E2895}.Debug|x64.Build.0 = Debug|x64
		{D232556D-0352-48B3-970C-71EC5C9E2895}.Debug|x86.ActiveCfg = Debug|Win32
		{D232556D-0352-48B3-970C-71EC5C9E2895}.Debug|x86.Build.0 = Debug|Win32
		{D232556D-0352-48B3-970C-71EC5C9E2895}.Release|x64.ActiveCfg = Release|x64
		{D232556D-0352-48B3-970C-71EC5C9E2895}.Release|x64.Build.0 = Release|x64
		{D232556D-0352-48B3-970C-71EC5C9E2895}.Release|x86.ActiveCfg = Release|Win32
		{D232556D-0352-48B3-970C-71EC5C9E2895}.Release|x86.Build.0 = Release|Win32
		{9136EADB-4C5D-4C05-BC0B-3C831B773033}.Debug|x64.ActiveCfg = Debug|x64
		{9136EADB-4C5D-4C05-BC0B-3C831B773033}.Debug|x64.Build.0 = Debug|x64
		{9136EADB-4C5D-4C05-BC0B-3C831B773033}.Debug|x86.ActiveCfg = Debug|Win32
		{9136EADB-4C5D-4C05-BC0B-3C831B773033}.Debug|x86.Build.0 = Debug|Win32
		{9136EADB-4C5D-4C05-BC0B-3C831B773033}.Release|x64.ActiveCfg = Release|x64
		{9136EADB-4C5D-4C05-BC0B-3C831B773033}.Release|x64.Build.0 = Release|x64
		{9136EADB-4C5D-4C05-BC0B-3C831B773033}.Release|x86.ActiveCfg = Release|Win32
		{9136EADB-4C5D-4C05-BC0B-3C831B773033}.Release|x86.Build.0 = Release|Win32
		{64F8C77F-EC19-4BD9-8EF6-E87409198719}.Debug|x64.ActiveCfg = Debug|x64
		{64F8C77F-EC19-4BD9-8EF6-E87409198719}.Debug|x64.Build.0 = Debug|x64
		{64F8C77F-EC19-4BD9-8EF6-E87409198719}.Debug|x86.ActiveCfg = Debug|Win32
		{64F8C77F-EC19-4BD9-8EF6-E87409198719}.Debug|x86.Build.0 = Debug|Win32
		{64F8C77F-EC19-4BD9-8EF6-E87409198719}.Release|x64.ActiveCfg = Release|x64
		{64F8C77F-EC19-4BD9-8EF6-E87409198719}.Release|x64.Build.0 = Release|x64
		{64F8C77F-EC19-4BD9-8EF6-E87409198719}.Release|x86.ActiveCfg = Release|Win32
		{64F8C77F-EC19-4BD9-8EF6-E87409198719}.Release|x86.Build.0 = Release|Win32
		{5C391622-8F16-4AE2-B938-016D7F392650}.Debug|x64.ActiveCfg = Debug|x64
		{5C391622-8F16-4AE2-B938-016D7F392650}.Debug|x64.Build.0 = Debug|x64
		{5C391622-8F16-4AE2-B938-016D7F392650}.Debug|x86.ActiveCfg = Debug|Win32
		{5C391622-8F16-4AE2-B938-016D7F392650}.Debug|x86.Build.0 = Debug|Win32
		{5C391622-8F16-4AE2-B938-016D7F392650}.Release|x64.ActiveCfg = Release|x64
		{5C391622-8F16-4AE2-B938-016D7F392650}.Release|x64.Build.0 = Release|x64
		{5C391622-8F16-4AE2-B938-016D7F392650}.Release|x86.ActiveCfg = Release|Win32
		{5C391622-8F16-4AE2-B938-016D7F392650}.Release|x86.Build.0 = Release|Win32
		{23635582-5FE7-46B6-BCE2-B4C57A1B3B1C}.Debug|x64.ActiveCfg = Debug|x64
		{23635582-5FE7-46B6-BCE2-B4C57A1B3B1C}.Debug|x64.Build.0 = Debug|x64
		{23635582-5FE7-46B6-BCE2-B4C57A1B3B1C}.Debug|x86.ActiveCfg = Debug|Win32
		{23635582-5FE7-46B6-BCE2-B4C57A1B3B1C}.Debug|x86.Build.0 = Debug|Win32
		{23635582-5FE7-46B6-BCE2-B4C57A1B3B1C}.Release|x64.ActiveCfg = Release|x64
		{23635582-5FE7-46B6-BCE2-B4C57A1B3B1C}.Release|x64.Build.0 = Release|x64
		{23635582-5FE7-46B6-BCE2-B4C57A1B3B1C}.Release|x86.ActiveCfg = Release|Win32
		{23635582-5FE7-46B6-BCE2-B4C57A1B3B1C}.Release|x86.Build.0 = Release|Win32
		{409A69D9-5396-4796-B02F-3A8F37A8E3DB}.Debug|x64.ActiveCfg = Debug|x64
		{409A69D9-5396-4796-B02F-3A8F37A8E3DB}.Debug|x64.Build.0 = Debug|x64
		{409A69D9-5396-4796-B02F-3A8F37A8E3DB}.Debug|x86.ActiveCfg = Debug|Win32
		{409A69D9-5396-4796-B02F-3A8F37A8E3DB}.Debug|x86.Build.0 = Debug|Win32
		{409A69D9-5396-4796-B02F-3A8F37A8E3DB}.Release|x64.ActiveCfg = Release|x64
		{409A69D9-5396-4796-B02F-3A8F37A8E3DB}.Release|x64.Build.0 = Release|x64
		{409A69D9-5396-4796-B02F-3A8F37A8E3DB}.Release|x86.ActiveCfg = Release|Win32
		{409A69D9-5396-4796-B02F-3A8F37A8E3DB}.Release|x86.Build.0 = Release|Win32
		{EA9ADE00-3186-410B-9562-77356FBF6064}.Debug|x64.ActiveCfg = Debug|x64
		{EA9ADE00-3186-410B-9562-77356FBF6064}.Debug|x64.Build.0 = Debug|x64
		{EA9ADE00-3186-410B-9562-77356FBF6064}.Debug|x86.ActiveCfg = Debug|Win32
		{EA9ADE00-3186-410B-9562-77356FBF6064}.Debug|x86.Build.0 = Debug|Win32
		{EA9ADE00-3186-410B-9562-77356FBF6064}.Release|x64.ActiveCfg = Release|x64
		{EA9ADE00-3186-410B-9562-77356FBF6064}.Release|x64.Build.0 = Release|x64
		{EA9ADE00-3186-410B-9562-77356FBF6064}.Release|x86.ActiveCfg = Release|Win32
		{EA9ADE00-3186-410B-9562-77356FBF6064}.Release|x86.Build.0 = Release|Win32
		{0E06C19B-EAC6-45D5-9A42-B8991D1179C8}.Debug|x64.ActiveCfg = Debug|x64
		{0E06C19B-EAC6-45D5-9A42-B8991D1179C8}.Debug|x64.Build.0 = Debug|x64
		{0E06C19B-EAC6-45D5-9A42-B8991D1179C8}.Debug|x86.ActiveCfg = Debug|Win32
		{0E06C19B-EAC6-45D5-9A42-B8991D1179C8}.Debug|x86.Build.0 = Debug|Win32
		{0E06C19B-EAC6-45D5-9A42-B8991D1179C8}.Release|x64.ActiveCfg = Release|x64
		{0E06C19B-EAC6-45D5-9A42-B8991D1179C8}.Release|x64.Build.0 = Release|x64
		{0E06C19B-EAC6-45D5-9A42-B8991D1179C8}.Release|x86.ActiveCfg = Release|Win32
		{0E06C19B-EAC6-45D5-9A42-B8991D1179C8}.Release|x86.Build.0 = Release|Win32
		{922C4552-B895-4FD0-98EF-53EF802E2024}.Debug|x64.ActiveCfg = Debug|x64
		{922C4552-B895-4FD0-98EF-53EF802E2024}.Debug|x64.Build.0 = Debug|x64
		{922C4552-B895-4FD0-98EF-53EF802E2024}.Debug|x86.ActiveCfg = Debug|Win32
		{922C4552-B895-4FD0-98EF-53EF802E2024}.Debug|x86.Build.0 = Debug|Win32
		{922C4552-B895-4FD0-98EF-53EF802E2024}.Release|x64.ActiveCfg = Release|x64
		{922C4552-B895-4FD0-98EF-53EF802E2024}.Release|x64.Build.0 = Release|x64
		{922C4552-B895-4FD0-98EF-53EF802E2024}.Release|x86.ActiveCfg = Release|Win32
		{922C4552-B895-4FD0-98EF-53EF802E2024}.Release|x86.Build.0 = Release|Win32
		{F3926E99-4DCE-47E3-819F-E064CBA86B41}.Debug|x64.ActiveCfg = Debug|x64
		{F3926E99-4DCE-47E3-819F-E064CBA86B41}.Debug|x64.Build.0 = Debug|x64
		{F3926E99-4DCE-47E3-819F-E064CBA86B41}.Debug|x86.ActiveCfg = Debug|Win32
		{F3926E99-4DCE-47E3-819F-E064CBA86B41}.Debug|x86.Build.0 = Debug|Win32
		{F3926E99-4DCE-47E3-819F-E064CBA86B41}.Release|x64.ActiveCfg = Release|x64
		{F3926E99-4DCE-47E3-819F-E064CBA86B41}.Release|x64.Build.0 = Release|x64
		{F3926E99-4DCE-47E3-819F-E064CBA86B41}.Release|x86.ActiveCfg = Release|Win32
		{F3926E99-4DCE-47E3-819F-E064CBA86B41}.Release|x86.Build.0 = Release|Win32
		{518E294E-EAA2-457D-AAA6-CF38608DB549}.Debug|x64.ActiveCfg = Debug|x64
		{518E294E-EAA2-457D-AAA6-CF38608DB549}.Debug|x64.Build.0 = Debug|x64
		{518E294E-EAA2-457D-AAA6-CF38608DB549}.Debug|x86.ActiveCfg = Debug|Win32
		{518E294E-EAA2-457D-AAA6-CF38608DB549}.Debug|x86.Build.0 = Debug|Win32
		{518E294E-EAA2-457D-AAA6-CF38608DB549}.Release|x64.ActiveCfg = Release|x64
		{518E294E-EAA2-457D-AAA6-CF38608DB549}.Release|x64.Build.0 = Release|x64
		{518E294E-EAA2-457D-AAA6-CF38608DB549}.Release|x86.ActiveCfg = Release|Win32
		{518E294E-EAA2-457D-AAA6-CF38608DB549}.Release|x86.Build.0 = Release|Win32
		{0C666E47-FF4F-47D4-B183-D09BA9D26984}.Debug|x64.ActiveCfg = Debug|x64
		{0C666E47-FF4F-47D4-B183-D09BA9D26984}.Debug|x64.Build.0 = Debug|x64
		{0C666E47-FF4F-47D4-B183-D09BA9D26984}.Debug|x86.ActiveCfg = Debug|Win32
		{0C666E47-FF4F-47D4-B183-D09BA9D26984}.Debug|x86.Build.0 = Debug|Win32
		{0C666E47-FF4F-47D4-B183-D09BA9D26984}.Release|x64.ActiveCfg = Release|x64
		{0C666E47-FF4F-47D4-B183-D09BA9D26984}.Release|x64.Build.0 = Release|x64
		{0C666E47-FF4F-47D4-B183-D09BA9D26984}.Release|x86.ActiveCfg = Release|Win32
		{0C666E47-FF4F-47D4-B183-D09BA9D26984}.Release|x86.Build.0 = Release|Win32
		{106967CF-A2F6-4299-B245-E0DD097E3D5F}.Debug|x64.ActiveCfg = Debug|x64
		{106967CF-A2F6-4299-B245-E0DD097E3D5F}.Debug|x64.Build.0 = Debug|x64
		{106967CF-A2F6-4299-B245-E0DD097E3D5F}.Debug|x86.ActiveCfg = Debug|Win32
		{106967CF-A2F6-4299-B245-E0DD097E3D5F}.Debug|x86.Build.0 = Debug|Win32
		{106967CF-A2F6-4299-B245-E0DD097E3D5F}.Release|x64.ActiveCfg = Release|x64
		{106967CF-A2F6-4299-B245-E0DD097E3D5F}.Release|x64.Build.0 = Release|x64
		{106967CF-A2F6-4299-B245-E0DD097E3D5F}.Release|x86.ActiveCfg = Release|Win32
		{106967CF-A2F6-4299-B245-E0DD097E3D5F}.Release|x86.Build.0 = Release|Win32
		{42BE6096-950B-403A-A759-A2123156EF5F}.Debug|x64.ActiveCfg = Debug|x64
		{42BE6096-950B-403A-A759-A2123156EF5F}.Debug|x64.Build.0 = Debug|x64
		{42BE6096-950B-403A-A759-A2123156EF5F}.Debug|x86.ActiveCfg = Debug|Win32
		{42BE6096-950B-403A-A759-A2123156EF5F}.Debug|x86.Build.0 = Debug|Win32
		{42BE6096-950B-403A-A759-A2123156EF5F}.Release|x64.ActiveCfg = Release|x64
		{42BE6096-950B-403A-A759-A2123156EF5F}.Release|x64.Build.0 = Release|x64
		{42BE6096-950B-403A-A759-A2123156EF5F}.Release|x86.ActiveCfg = Release|Win32
		{42BE6096-950B-403A-A759-A2123156EF5F}.Release|x86.Build.0 = Release|Win32
		{230A67C8-DF4B-48B5-B964-DFDBAAE97D5B}.Debug|x64.ActiveCfg = Debug|x64
		{230A67C8-DF4B-48B5-B964-DFDBAAE97D5B}.Debug|x64.Build.0 = Debug|x64
		{230A67C8-DF4B-48B5-B964-DFDBAAE97D5B}.Debug|x86.ActiveCfg = Debug|Win32
		{230A67C8-DF4B-48B5-B964-DFDBAAE97D5B}.Debug|x86.Build.0 = Debug|Win32
		{230A67C8-DF4B-48B5-B964-DFDBAAE97D5B}.Release|x64.ActiveCfg = Release|x64
		{230A67C8-DF4B-48B5-B964-DFDBAAE97D5B}.Release|x64.Build.0 = Release|x64
		{230A67C8-DF4B-48B5-B964-DFDBAAE97D5B}.Release|x86.ActiveCfg = Release|Win32
		{230A67C8-DF4B-48B5-B964-DFDBAAE97D5B}.Release|x86.Build.0 = Release|Win32
		{472A5ADB-E054-4B06-985F-5E6000485D4C}.Debug|x64.ActiveCfg = Debug|x64
		{472A5ADB-E054-4B06-985F-5E6000485D4C}.Debug|x64.Build.0 = Debug|x64
		{472A5ADB-E054-4B06-985F-5E6000485D4C}.Debug|x86.ActiveCfg = Debug|Win32
		{472A5ADB-E054-4B06-985F-5E6000485D4C}.Debug|x86.Build.0 = Debug|Win32
		{472A5ADB-E054-4B06-985F-5E6000485D4C}.Release|x64.ActiveCfg = Release|x64
		{472A5ADB-E054-4B06-985F-5E6000485D4C}.Release|x64.Build.0 = Release|x64
		{472A5ADB-E054-4B06-985F-5E6000485D4C}.Release|x86.ActiveCfg = Release|Win32
		{472A5ADB-E054-4B06-985F-5E6000485D4C}.Release|x86.Build.0 = Release|Win32
		{C7CBC282-8D49-4CDF-A257-7702DB1CE5B8}.Debug|x64.ActiveCfg = Debug|x64
		{C7CBC282-8D49-4CDF-A257-7702DB1CE5B8}.Debug|x64.Build.0 = Debug|x64
		{C7CBC282-8D49-4CDF-A257-7702DB1CE5B8}.Debug|x86.ActiveCfg = Debug|Win32
		{C7CBC282-8D49-4CDF-A257-7702DB1CE5B8}.Debug|x86.Build.0 = Debug|Win32
		{C7CBC282-8D49-4CDF-A257-7702DB1CE5B8}.Release|x64.ActiveCfg = Release|x64
		{C7CBC282-8D49-4CDF-A257-7702DB1CE5B8}.Release|x64.Build.0 = Release|x64
		{C7CBC282-8D49-4CDF-A257-7702DB1CE5B8}.Release|x86.ActiveCfg = Release|Win32
		{C7CBC282-8D49-4CDF-A257-7702DB1CE5B8}.Release|x86.Build.0 = Release|Win32
		{C2F0D4CC-20B7-4E8B-AEE1-8DAEB568D3EC}.Debug|x64.ActiveCfg = Debug|x64
		{C2F0D4CC-20B7-4E8B-AEE1-8DAEB568D3EC}.Debug|x64.Build.0 = Debug|x64
		{C2F0D4CC-20B7-4E8B-AEE1-8DAEB568D3EC}.Debug|x86.ActiveCfg = Debug|Win32
		{C2F0D4CC-20B7-4E8B-AEE1-8DAEB568D3EC}.Debug|x86.Build.0 = Debug|Win32
		{C2F0D4CC-20B7-4E8B-AEE1-8DAEB568D3EC}.Release|x64.ActiveCfg = Release|x64
		{C2F0D4CC-20B7-4E8B-AEE1-8DAEB568D3EC}.Release|x64.Build.0 = Release|x64
		{C2F0D4CC-20B7-4E8B-AEE1-8DAEB568D3EC}.Release|x86.ActiveCfg = Release|Win32
		{C2F0D4CC-20B7-4E8B-AEE1-8DAEB568D3EC}.Release|x86.Build.0 = Release|Win32
		{740DBB66-516E-4476-8AF3-B0417A2A2778}.Debug|x64.ActiveCfg = Debug|x64
		{740DBB66-516E-4476-8AF3-B0417A2A2778}.Debug|x64.Build.0 = Debug|x64
		{740DBB66-516E-4476-8AF3-B0417A2A2778}.Debug|x86.ActiveCfg = Debug|Win32
		{740DBB66-516E-4476-8AF3-B0417A2A2778}.Debug|x86.Build.0 = Debug|Win32
		{740DBB66-516E-4476-8AF3-B0417A2A2778}.Release|x64.ActiveCfg = Release|x64
		{740DBB66-516E-4476-8AF3-B0417A2A2778}.Release|x64.Build.0 = Release|x64
		{740DBB66-516E-4476-8AF3-B0417A2A2778}.Release|x86.ActiveCfg = Release|Win32
		{740DBB66-516E-4476-8AF3-B0417A2A2778}.Release|x86.Build.0 = Release|Win32
	EndGlobalSection
	GlobalSection(SolutionProperties) = preSolution
		HideSolutionNode = FALSE
	EndGlobalSection
	GlobalSection(NestedProjects) = preSolution
		{AE9816CC-5DEC-48A5-B9FA-774182C92212} = {654E216C-2401-452C-B31E-CDB2BFC214C9}
		{E0B52AE7-E160-4D32-BF3F-910B785E5A8E} = {FADEE6EF-C938-4F2A-A564-F0C59625130C}
		{4F150A30-CECB-49D1-8283-6A3F57438CF5} = {FADEE6EF-C938-4F2A-A564-F0C59625130C}
		{BFF9C813-01AF-43B3-A23E-2C62F332B994} = {FADEE6EF-C938-4F2A-A564-F0C59625130C}
		{F0D21E55-ABFD-4690-9233-0A6150B17A4E} = {FAEB699D-9418-4E4C-9D81-EEF993E90D3D}
		{1993EF72-87FB-4279-B582-22739004B347} = {1B5E7EF7-76CF-46DC-BE8B-BDD0441FDDF7}
		{BD9AE01A-CC70-4160-83B8-1A95EB98813E} = {C61150ED-0381-47A4-9EE9-7F822E2E7FE0}
		{B9018A67-56D0-4721-87BB-ED2D56D711FB} = {4A3AAEF4-D150-472B-B854-5A8F9A7C2397}
		{AC6D1B23-E309-40BD-98D7-4599635B02E3} = {C61150ED-0381-47A4-9EE9-7F822E2E7FE0}
		{68C5A7D4-A823-453C-AB26-770DEAB36A92} = {E96427CC-12DD-4C79-A610-AE34EDE89A7A}
		{39F409ED-2DC5-446C-B4BB-F9EFB3EA156E} = {C61150ED-0381-47A4-9EE9-7F822E2E7FE0}
		{02DC0CE5-72DF-4F89-8AF2-FF9C0E351A1A} = {C61150ED-0381-47A4-9EE9-7F822E2E7FE0}
		{368CFE8C-9921-44ED-A303-C5D655132509} = {C61150ED-0381-47A4-9EE9-7F822E2E7FE0}
		{694B4271-998C-4611-A067-30709D0C8EA9} = {C61150ED-0381-47A4-9EE9-7F822E2E7FE0}
		{539BF664-D08A-48C1-8539-869F07EBC508} = {91F11436-5857-40CD-808D-4E63B5ADBD19}
		{B4C48A48-6304-4654-B0E3-5A8705B52BBC} = {C29C82DD-C3F8-40A0-B865-EEF030C91020}
		{5383D748-C1F9-4FD6-A40B-2106D9D65ED4} = {F8F73C5D-647C-443E-BA46-E8CCCA84732B}
		{DFD9CC6C-E2B7-401B-A40D-793BBD7F376A} = {F8F73C5D-647C-443E-BA46-E8CCCA84732B}
		{B5E2A147-9517-4755-ABF3-E3AB582CA9D6} = {F8F73C5D-647C-443E-BA46-E8CCCA84732B}
		{E98DF022-F482-4AEC-8EED-9E3F242FC59A} = {F8F73C5D-647C-443E-BA46-E8CCCA84732B}
		{BC446A86-0A1C-474A-A379-F1037DC421E7} = {F8F73C5D-647C-443E-BA46-E8CCCA84732B}
		{570525FB-246A-42A8-8E9C-8C2EB1D182A1} = {F8F73C5D-647C-443E-BA46-E8CCCA84732B}
		{C2352E92-8E5D-4D2A-84B3-C77F05034B08} = {F8F73C5D-647C-443E-BA46-E8CCCA84732B}
		{EBCB82AD-8A5F-405D-BF2B-237958367DA6} = {F8F73C5D-647C-443E-BA46-E8CCCA84732B}
		{E516DDF9-A94B-4AE0-A4BA-BB17C7CFFE8D} = {F8F73C5D-647C-443E-BA46-E8CCCA84732B}
		{9F90CF2A-2072-4639-A1CE-128011A3561E} = {07E45F6D-A4FB-4E3D-A3B5-B3257414B57F}
		{75214F6F-33B8-4EBA-A2A7-199777C7B456} = {07E45F6D-A4FB-4E3D-A3B5-B3257414B57F}
		{9E192E5B-3D12-4448-8712-9A1D7562CAAB} = {07E45F6D-A4FB-4E3D-A3B5-B3257414B57F}
		{9F00356B-B3CD-4F07-BE27-53D1BA96561D} = {07E45F6D-A4FB-4E3D-A3B5-B3257414B57F}
		{7A0C6A2F-43E2-464E-9CF6-28F9873777BB} = {07E45F6D-A4FB-4E3D-A3B5-B3257414B57F}
		{DCB96B4E-37F0-4A42-B001-B197BDA7ACAF} = {07E45F6D-A4FB-4E3D-A3B5-B3257414B57F}
		{621B0D2A-9B1F-4AD3-B5DB-C14C092C63B1} = {07E45F6D-A4FB-4E3D-A3B5-B3257414B57F}
		{E4F780AA-D245-4A33-A34C-A8D886B23DBF} = {07E45F6D-A4FB-4E3D-A3B5-B3257414B57F}
		{DB40F645-08E4-4F9D-A850-1916A973013B} = {1B5E7EF7-76CF-46DC-BE8B-BDD0441FDDF7}
		{D232556D-0352-48B3-970C-71EC5C9E2895} = {1B5E7EF7-76CF-46DC-BE8B-BDD0441FDDF7}
		{9136EADB-4C5D-4C05-BC0B-3C831B773033} = {1B5E7EF7-76CF-46DC-BE8B-BDD0441FDDF7}
		{64F8C77F-EC19-4BD9-8EF6-E87409198719} = {1B5E7EF7-76CF-46DC-BE8B-BDD0441FDDF7}
		{5C391622-8F16-4AE2-B938-016D7F392650} = {1B5E7EF7-76CF-46DC-BE8B-BDD0441FDDF7}
		{23635582-5FE7-46B6-BCE2-B4C57A1B3B1C} = {E96427CC-12DD-4C79-A610-AE34EDE89A7A}
		{409A69D9-5396-4796-B02F-3A8F37A8E3DB} = {E96427CC-12DD-4C79-A610-AE34EDE89A7A}
		{EA9ADE00-3186-410B-9562-77356FBF6064} = {E96427CC-12DD-4C79-A610-AE34EDE89A7A}
		{0E06C19B-EAC6-45D5-9A42-B8991D1179C8} = {1B5E7EF7-76CF-46DC-BE8B-BDD0441FDDF7}
		{922C4552-B895-4FD0-98EF-53EF802E2024} = {E96427CC-12DD-4C79-A610-AE34EDE89A7A}
		{F3926E99-4DCE-47E3-819F-E064CBA86B41} = {C61150ED-0381-47A4-9EE9-7F822E2E7FE0}
		{518E294E-EAA2-457D-AAA6-CF38608DB549} = {E96427CC-12DD-4C79-A610-AE34EDE89A7A}
		{0C666E47-FF4F-47D4-B183-D09BA9D26984} = {C29C82DD-C3F8-40A0-B865-EEF030C91020}
		{106967CF-A2F6-4299-B245-E0DD097E3D5F} = {1B5E7EF7-76CF-46DC-BE8B-BDD0441FDDF7}
		{42BE6096-950B-403A-A759-A2123156EF5F} = {FAEB699D-9418-4E4C-9D81-EEF993E90D3D}
		{230A67C8-DF4B-48B5-B964-DFDBAAE97D5B} = {07E45F6D-A4FB-4E3D-A3B5-B3257414B57F}
		{472A5ADB-E054-4B06-985F-5E6000485D4C} = {07E45F6D-A4FB-4E3D-A3B5-B3257414B57F}
		{C7CBC282-8D49-4CDF-A257-7702DB1CE5B8} = {07E45F6D-A4FB-4E3D-A3B5-B3257414B57F}
		{0A3627B6-996B-4A69-B486-801E7110549B} = {AE9816CC-5DEC-48A5-B9FA-774182C92212}
		{A82554A5-51BC-400B-81CD-E7760DD52B51} = {AE9816CC-5DEC-48A5-B9FA-774182C92212}
		{C2F0D4CC-20B7-4E8B-AEE1-8DAEB568D3EC} = {91F11436-5857-40CD-808D-4E63B5ADBD19}
		{740DBB66-516E-4476-8AF3-B0417A2A2778} = {91F11436-5857-40CD-808D-4E63B5ADBD19}
	EndGlobalSection
	GlobalSection(ExtensibilityGlobals) = postSolution
		SolutionGuid = {A9862787-C6A7-4378-AFB7-1AD73FC23A0C}
	EndGlobalSection
	GlobalSection(TeamFoundationVersionControl) = preSolution
		SccNumberOfProjects = 37
		SccEnterpriseProvider = {4CA58AB2-18FA-4F8D-95D4-32DDF27D184C}
		SccTeamFoundationServer = https://nicolasfour.visualstudio.com/
		SccProjectUniqueName0 = External\\DirectXTK\\DirectXTK_Desktop_2017.vcxproj
		SccProjectTopLevelParentUniqueName0 = NFGE.sln
		SccProjectName0 = External/DirectXTK
		SccAuxPath0 = https://nicolasfour.visualstudio.com
		SccLocalPath0 = External\\DirectXTK
		SccProvider0 = {4CA58AB2-18FA-4F8D-95D4-32DDF27D184C}
		SccProjectUniqueName1 = External\\DirectXTK\\Audio\\DirectXTKAudio_Desktop_2017_Win8.vcxproj
		SccProjectTopLevelParentUniqueName1 = NFGE.sln
		SccProjectName1 = External/DirectXTK/Audio
		SccAuxPath1 = https://nicolasfour.visualstudio.com
		SccLocalPath1 = External\\DirectXTK\\Audio
		SccProvider1 = {4CA58AB2-18FA-4F8D-95D4-32DDF27D184C}
		SccProjectUniqueName2 = External\\ImGui\\ImGui.vcxproj
		SccProjectTopLevelParentUniqueName2 = NFGE.sln
		SccProjectName2 = External/ImGui
		SccAuxPath2 = https://nicolasfour.visualstudio.com
		SccLocalPath2 = External\\ImGui
		SccProvider2 = {4CA58AB2-18FA-4F8D-95D4-32DDF27D184C}
		SccProjectUniqueName3 = Tools\\ModelImporter\\ModelImporter.vcxproj
		SccProjectTopLevelParentUniqueName3 = NFGE.sln
		SccProjectName3 = Tools/ModelImporter
		SccAuxPath3 = https://nicolasfour.visualstudio.com
		SccLocalPath3 = Tools\\ModelImporter
		SccProvider3 = {4CA58AB2-18FA-4F8D-95D4-32DDF27D184C}
		SccProjectUniqueName4 = VGP332\\HelloPerception\\HelloPerception.vcxproj
		SccProjectTopLevelParentUniqueName4 = NFGE.sln
		SccProjectName4 = VGP332/HelloPerception
		SccAuxPath4 = https://nicolasfour.visualstudio.com
		SccLocalPath4 = VGP332\\HelloPerception
		SccProvider4 = {4CA58AB2-18FA-4F8D-95D4-32DDF27D184C}
		SccProjectUniqueName5 = Framework\\Graphics\\Graphics.vcxproj
		SccProjectTopLevelParentUniqueName5 = NFGE.sln
		SccProjectName5 = Framework/Graphics
		SccAuxPath5 = https://nicolasfour.visualstudio.com
		SccLocalPath5 = Framework\\Graphics
		SccProvider5 = {4CA58AB2-18FA-4F8D-95D4-32DDF27D184C}
		SccProjectUniqueName6 = Engine\\NFGE\\NFGE.vcxproj
		SccProjectTopLevelParentUniqueName6 = NFGE.sln
		SccProjectName6 = Engine/NFGE
		SccAuxPath6 = https://nicolasfour.visualstudio.com
		SccLocalPath6 = Engine\\NFGE
		SccProvider6 = {4CA58AB2-18FA-4F8D-95D4-32DDF27D184C}
		SccProjectUniqueName7 = Framework\\Core\\Core.vcxproj
		SccProjectTopLevelParentUniqueName7 = NFGE.sln
		SccProjectName7 = Framework/Core
		SccAuxPath7 = https://nicolasfour.visualstudio.com
		SccLocalPath7 = Framework\\Core
		SccProvider7 = {4CA58AB2-18FA-4F8D-95D4-32DDF27D184C}
		SccProjectUniqueName8 = VGP334\\12_HelloModel\\12_HelloModel.vcxproj
		SccProjectTopLevelParentUniqueName8 = NFGE.sln
		SccProjectName8 = VGP334/12_HelloModel
		SccAuxPath8 = https://nicolasfour.visualstudio.com
		SccLocalPath8 = VGP334\\12_HelloModel
		SccProvider8 = {4CA58AB2-18FA-4F8D-95D4-32DDF27D184C}
		SccProjectUniqueName9 = Framework\\AI\\AI.vcxproj
		SccProjectTopLevelParentUniqueName9 = NFGE.sln
		SccProjectName9 = Framework/AI
		SccAuxPath9 = https://nicolasfour.visualstudio.com
		SccLocalPath9 = Framework\\AI
		SccProvider9 = {4CA58AB2-18FA-4F8D-95D4-32DDF27D184C}
		SccProjectUniqueName10 = Framework\\Input\\Input.vcxproj
		SccProjectTopLevelParentUniqueName10 = NFGE.sln
		SccProjectName10 = Framework/Input
		SccAuxPath10 = https://nicolasfour.visualstudio.com
		SccLocalPath10 = Framework\\Input
		SccProvider10 = {4CA58AB2-18FA-4F8D-95D4-32DDF27D184C}
		SccProjectUniqueName11 = Framework\\Network\\Network.vcxproj
		SccProjectTopLevelParentUniqueName11 = NFGE.sln
		SccProjectName11 = Framework/Network
		SccAuxPath11 = https://nicolasfour.visualstudio.com
		SccLocalPath11 = Framework\\Network
		SccProvider11 = {4CA58AB2-18FA-4F8D-95D4-32DDF27D184C}
		SccProjectUniqueName12 = Framework\\NFGEMath\\NFGEMath.vcxproj
		SccProjectTopLevelParentUniqueName12 = NFGE.sln
		SccProjectName12 = Framework/NFGEMath
		SccAuxPath12 = https://nicolasfour.visualstudio.com
		SccLocalPath12 = Framework\\NFGEMath
		SccProvider12 = {4CA58AB2-18FA-4F8D-95D4-32DDF27D184C}
		SccProjectUniqueName13 = MingzhuoProject\\ClothSimulation\\ClothSimulation.vcxproj
		SccProjectTopLevelParentUniqueName13 = NFGE.sln
		SccProjectName13 = MingzhuoProject/ClothSimulation
		SccAuxPath13 = https://nicolasfour.visualstudio.com
		SccLocalPath13 = MingzhuoProject\\ClothSimulation
		SccProvider13 = {4CA58AB2-18FA-4F8D-95D4-32DDF27D184C}
		SccProjectUniqueName14 = UnitTests\\MathTest\\MathTest.vcxproj
		SccProjectTopLevelParentUniqueName14 = NFGE.sln
		SccProjectName14 = UnitTests/MathTest
		SccAuxPath14 = https://nicolasfour.visualstudio.com
		SccLocalPath14 = UnitTests\\MathTest
		SccProvider14 = {4CA58AB2-18FA-4F8D-95D4-32DDF27D184C}
		SccProjectUniqueName15 = VGP242\\00_HelloWorld\\00_HelloWorld.vcxproj
		SccProjectTopLevelParentUniqueName15 = NFGE.sln
		SccProjectName15 = VGP242/00_HelloWorld
		SccAuxPath15 = https://nicolasfour.visualstudio.com
		SccLocalPath15 = VGP242\\00_HelloWorld
		SccProvider15 = {4CA58AB2-18FA-4F8D-95D4-32DDF27D184C}
		SccProjectUniqueName16 = VGP242\\01_HelloWindow\\01_HelloWindow.vcxproj
		SccProjectTopLevelParentUniqueName16 = NFGE.sln
		SccProjectName16 = VGP242/01_HelloWindow
		SccAuxPath16 = https://nicolasfour.visualstudio.com
		SccLocalPath16 = VGP242\\01_HelloWindow
		SccProvider16 = {4CA58AB2-18FA-4F8D-95D4-32DDF27D184C}
		SccProjectUniqueName17 = VGP242\\02_HelloTriangle\\02_HelloTriangle.vcxproj
		SccProjectTopLevelParentUniqueName17 = NFGE.sln
		SccProjectName17 = VGP242/02_HelloTriangle
		SccAuxPath17 = https://nicolasfour.visualstudio.com
		SccLocalPath17 = VGP242\\02_HelloTriangle
		SccProvider17 = {4CA58AB2-18FA-4F8D-95D4-32DDF27D184C}
		SccProjectUniqueName18 = VGP242\\03_HelloShapes\\03_HelloShapes.vcxproj
		SccProjectTopLevelParentUniqueName18 = NFGE.sln
		SccProjectName18 = VGP242/03_HelloShapes
		SccAuxPath18 = https://nicolasfour.visualstudio.com
		SccLocalPath18 = VGP242\\03_HelloShapes
		SccProvider18 = {4CA58AB2-18FA-4F8D-95D4-32DDF27D184C}
		SccProjectUniqueName19 = VGP242\\04_HelloCube\\04_HelloCube.vcxproj
		SccProjectTopLevelParentUniqueName19 = NFGE.sln
		SccProjectName19 = VGP242/04_HelloCube
		SccAuxPath19 = https://nicolasfour.visualstudio.com
		SccLocalPath19 = VGP242\\04_HelloCube
		SccProvider19 = {4CA58AB2-18FA-4F8D-95D4-32DDF27D184C}
		SccProjectUniqueName20 = VGP242\\04_HelloCube_Fromal\\04_HelloCube_Fromal.vcxproj
		SccProjectTopLevelParentUniqueName20 = NFGE.sln
		SccProjectName20 = VGP242/04_HelloCube_Fromal
		SccAuxPath20 = https://nicolasfour.visualstudio.com
		SccLocalPath20 = VGP242\\04_HelloCube_Fromal
		SccProvider20 = {4CA58AB2-18FA-4F8D-95D4-32DDF27D184C}
		SccProjectUniqueName21 = VGP242\\04_HelloCube2\\04_HelloCube2.vcxproj
		SccProjectTopLevelParentUniqueName21 = NFGE.sln
		SccProjectName21 = VGP242/04_HelloCube2
		SccAuxPath21 = https://nicolasfour.visualstudio.com
		SccLocalPath21 = VGP242\\04_HelloCube2
		SccProvider21 = {4CA58AB2-18FA-4F8D-95D4-32DDF27D184C}
		SccProjectUniqueName22 = VGP242\\05_HelloTextureMapping\\05_HelloTextureMapping.vcxproj
		SccProjectTopLevelParentUniqueName22 = NFGE.sln
		SccProjectName22 = VGP242/05_HelloTextureMapping
		SccAuxPath22 = https://nicolasfour.visualstudio.com
		SccLocalPath22 = VGP242\\05_HelloTextureMapping
		SccProvider22 = {4CA58AB2-18FA-4F8D-95D4-32DDF27D184C}
		SccProjectUniqueName23 = VGP242\\06_HelloPlanets\\06_HelloPlanets.vcxproj
		SccProjectTopLevelParentUniqueName23 = NFGE.sln
		SccProjectName23 = VGP242/06_HelloPlanets
		SccAuxPath23 = https://nicolasfour.visualstudio.com
		SccLocalPath23 = VGP242\\06_HelloPlanets
		SccProvider23 = {4CA58AB2-18FA-4F8D-95D4-32DDF27D184C}
		SccProjectUniqueName24 = VGP330\\07_HelloSimpleDraw\\07_HelloSimpleDraw.vcxproj
		SccProjectTopLevelParentUniqueName24 = NFGE.sln
		SccProjectName24 = VGP330/07_HelloSimpleDraw
		SccAuxPath24 = https://nicolasfour.visualstudio.com
		SccLocalPath24 = VGP330\\07_HelloSimpleDraw
		SccProvider24 = {4CA58AB2-18FA-4F8D-95D4-32DDF27D184C}
		SccProjectUniqueName25 = VGP330\\08_HelloDrawTexture\\08_HelloDrawTexture.vcxproj
		SccProjectTopLevelParentUniqueName25 = NFGE.sln
		SccProjectName25 = VGP330/08_HelloDrawTexture
		SccAuxPath25 = https://nicolasfour.visualstudio.com
		SccLocalPath25 = VGP330\\08_HelloDrawTexture
		SccProvider25 = {4CA58AB2-18FA-4F8D-95D4-32DDF27D184C}
		SccProjectUniqueName26 = VGP330\\09_1_HelloLighting_AmySample\\09_1_HelloLighting_AmySample.vcxproj
		SccProjectTopLevelParentUniqueName26 = NFGE.sln
		SccProjectName26 = VGP330/09_1_HelloLighting_AmySample
		SccAuxPath26 = https://nicolasfour.visualstudio.com
		SccLocalPath26 = VGP330\\09_1_HelloLighting_AmySample
		SccProvider26 = {4CA58AB2-18FA-4F8D-95D4-32DDF27D184C}
		SccProjectUniqueName27 = VGP330\\09_HelloLighting\\09_HelloLighting.vcxproj
		SccProjectTopLevelParentUniqueName27 = NFGE.sln
		SccProjectName27 = VGP330/09_HelloLighting
		SccAuxPath27 = https://nicolasfour.visualstudio.com
		SccLocalPath27 = VGP330\\09_HelloLighting
		SccProvider27 = {4CA58AB2-18FA-4F8D-95D4-32DDF27D184C}
		SccProjectUniqueName28 = VGP330\\10_HelloPostProcessing\\10_HelloPostProcessing.vcxproj
		SccProjectTopLevelParentUniqueName28 = NFGE.sln
		SccProjectName28 = VGP330/10_HelloPostProcessing
		SccAuxPath28 = https://nicolasfour.visualstudio.com
		SccLocalPath28 = VGP330\\10_HelloPostProcessing
		SccProvider28 = {4CA58AB2-18FA-4F8D-95D4-32DDF27D184C}
		SccProjectUniqueName29 = VGP330\\10_HelloPostProcessingAdvance\\10_HelloPostProcessingAdvance.vcxproj
		SccProjectTopLevelParentUniqueName29 = NFGE.sln
		SccProjectName29 = VGP330/10_HelloPostProcessingAdvance
		SccAuxPath29 = https://nicolasfour.visualstudio.com
		SccLocalPath29 = VGP330\\10_HelloPostProcessingAdvance
		SccProvider29 = {4CA58AB2-18FA-4F8D-95D4-32DDF27D184C}
		SccProjectUniqueName30 = VGP330\\11_HelloParticalSystem\\11_HelloParticalSystem.vcxproj
		SccProjectTopLevelParentUniqueName30 = NFGE.sln
		SccProjectName30 = VGP330/11_HelloParticalSystem
		SccAuxPath30 = https://nicolasfour.visualstudio.com
		SccLocalPath30 = VGP330\\11_HelloParticalSystem
		SccProvider30 = {4CA58AB2-18FA-4F8D-95D4-32DDF27D184C}
		SccProjectUniqueName31 = VGP330\\HelloImgui\\HelloImgui.vcxproj
		SccProjectTopLevelParentUniqueName31 = NFGE.sln
		SccProjectName31 = VGP330/HelloImgui
		SccAuxPath31 = https://nicolasfour.visualstudio.com
		SccLocalPath31 = VGP330\\HelloImgui
		SccProvider31 = {4CA58AB2-18FA-4F8D-95D4-32DDF27D184C}
		SccProjectUniqueName32 = VGP332\\Hello3DGroupBehavior\\Hello3DGroupBehavior.vcxproj
		SccProjectTopLevelParentUniqueName32 = NFGE.sln
		SccProjectName32 = VGP332/Hello3DGroupBehavior
		SccAuxPath32 = https://nicolasfour.visualstudio.com
		SccLocalPath32 = VGP332\\Hello3DGroupBehavior
		SccProvider32 = {4CA58AB2-18FA-4F8D-95D4-32DDF27D184C}
		SccProjectUniqueName33 = VGP332\\Hello3DSteering\\Hello3DSteering.vcxproj
		SccProjectTopLevelParentUniqueName33 = NFGE.sln
		SccProjectName33 = VGP332/Hello3DSteering
		SccAuxPath33 = https://nicolasfour.visualstudio.com
		SccLocalPath33 = VGP332\\Hello3DSteering
		SccProvider33 = {4CA58AB2-18FA-4F8D-95D4-32DDF27D184C}
		SccProjectUniqueName34 = VGP332\\HelloGroupBehavior\\HelloGroupBehavior.vcxproj
		SccProjectTopLevelParentUniqueName34 = NFGE.sln
		SccProjectName34 = VGP332/HelloGroupBehavior
		SccAuxPath34 = https://nicolasfour.visualstudio.com
		SccLocalPath34 = VGP332\\HelloGroupBehavior
		SccProvider34 = {4CA58AB2-18FA-4F8D-95D4-32DDF27D184C}
		SccProjectUniqueName35 = VGP332\\HelloPathFinding\\HelloPathFinding.vcxproj
		SccProjectTopLevelParentUniqueName35 = NFGE.sln
		SccProjectName35 = VGP332/HelloPathFinding
		SccAuxPath35 = https://nicolasfour.visualstudio.com
		SccLocalPath35 = VGP332\\HelloPathFinding
		SccProvider35 = {4CA58AB2-18FA-4F8D-95D4-32DDF27D184C}
		SccProjectUniqueName36 = VGP332\\HelloPerception3D\\HelloPerception3D.vcxproj
		SccProjectTopLevelParentUniqueName36 = NFGE.sln
		SccProjectName36 = VGP332/HelloPerception3D
		SccAuxPath36 = https://nicolasfour.visualstudio.com
		SccLocalPath36 = VGP332\\HelloPerception3D
		SccProvider36 = {4CA58AB2-18FA-4F8D-95D4-32DDF27D184C}
	EndGlobalSection
EndGlobal
