<?xml version="1.0" encoding="utf-8"?>
<Project ToolsVersion="4.0" xmlns="http://schemas.microsoft.com/developer/msbuild/2003">
  <ItemGroup>
    <ClInclude Include="Inc\Core.h">
      <Filter>Inc</Filter>
    </ClInclude>
    <ClInclude Include="Src\Precompiled.h">
      <Filter>Src</Filter>
    </ClInclude>
    <ClInclude Include="Inc\Debug.h">
      <Filter>Inc</Filter>
    </ClInclude>
    <ClInclude Include="Inc\WindowMessageHandler.h" />
    <ClInclude Include="Inc\Meta.h">
      <Filter>Inc\Meta</Filter>
    </ClInclude>
    <ClInclude Include="Inc\MetaArray.h">
      <Filter>Inc\Meta</Filter>
    </ClInclude>
    <ClInclude Include="Inc\MetaClass.h">
      <Filter>Inc\Meta</Filter>
    </ClInclude>
    <ClInclude Include="Inc\MetaField.h">
      <Filter>Inc\Meta</Filter>
    </ClInclude>
    <ClInclude Include="Inc\MetaPointer.h">
      <Filter>Inc\Meta</Filter>
    </ClInclude>
    <ClInclude Include="Inc\MetaRegistry.h">
      <Filter>Inc\Meta</Filter>
    </ClInclude>
    <ClInclude Include="Inc\MetaType.h">
      <Filter>Inc\Meta</Filter>
    </ClInclude>
    <ClInclude Include="Inc\MetaUtil.h">
      <Filter>Inc\Meta</Filter>
    </ClInclude>
    <ClInclude Include="Inc\IO.h">
      <Filter>Inc\Util</Filter>
    </ClInclude>
    <ClInclude Include="Inc\Common.h">
      <Filter>Inc\Util</Filter>
    </ClInclude>
    <ClInclude Include="Inc\Window.h">
      <Filter>Inc\Platfrom</Filter>
    </ClInclude>
    <ClInclude Include="Inc\BlockAllocator.h">
      <Filter>Inc\Memory</Filter>
    </ClInclude>
    <ClInclude Include="Inc\Handle.h">
      <Filter>Inc\Memory</Filter>
    </ClInclude>
    <ClInclude Include="Inc\HandlePool.h">
      <Filter>Inc\Memory</Filter>
    </ClInclude>
    <ClInclude Include="Inc\TypeAllocator.h">
      <Filter>Inc\Memory</Filter>
    </ClInclude>
    <ClInclude Include="Inc\MetaRegistration.h">
      <Filter>Inc\Meta</Filter>
    </ClInclude>
  </ItemGroup>
  <ItemGroup>
    <Filter Include="Inc">
      <UniqueIdentifier>{8766a6e6-1fc6-4014-ae88-7f962deb1773}</UniqueIdentifier>
    </Filter>
    <Filter Include="Src">
      <UniqueIdentifier>{3d5dec1f-3bab-488a-8214-f09fb046bc1a}</UniqueIdentifier>
    </Filter>
    <Filter Include="Inc\Meta">
      <UniqueIdentifier>{1e15762a-59b5-4109-b361-32ee2754a7a4}</UniqueIdentifier>
    </Filter>
    <Filter Include="Src\Meta">
      <UniqueIdentifier>{bbf2b024-2bac-4d90-8d9d-175df8361759}</UniqueIdentifier>
    </Filter>
    <Filter Include="Inc\Platfrom">
      <UniqueIdentifier>{2bb9cfe2-78ee-44d1-9f3d-e86a83f0924b}</UniqueIdentifier>
    </Filter>
    <Filter Include="Inc\Util">
      <UniqueIdentifier>{43a6045d-e5a1-41e9-9192-79519f99fad7}</UniqueIdentifier>
    </Filter>
    <Filter Include="Inc\Memory">
      <UniqueIdentifier>{b1781c1c-386a-426c-ae64-0305dab8c52c}</UniqueIdentifier>
    </Filter>
  </ItemGroup>
  <ItemGroup>
    <ClCompile Include="Src\Precompiled.cpp">
      <Filter>Src</Filter>
    </ClCompile>
    <ClCompile Include="Src\Window.cpp">
      <Filter>Src</Filter>
    </ClCompile>
    <ClCompile Include="Src\WindowMessageHandler.cpp" />
    <ClCompile Include="Src\BlockAllocator.cpp">
      <Filter>Src</Filter>
    </ClCompile>
    <ClCompile Include="Src\MetaArray.cpp">
      <Filter>Src\Meta</Filter>
    </ClCompile>
    <ClCompile Include="Src\MetaClass.cpp">
      <Filter>Src\Meta</Filter>
    </ClCompile>
    <ClCompile Include="Src\MetaField.cpp">
      <Filter>Src\Meta</Filter>
    </ClCompile>
    <ClCompile Include="Src\MetaPointer.cpp">
      <Filter>Src\Meta</Filter>
    </ClCompile>
    <ClCompile Include="Src\MetaRegistry.cpp">
      <Filter>Src\Meta</Filter>
    </ClCompile>
    <ClCompile Include="Src\MetaType.cpp">
      <Filter>Src\Meta</Filter>
    </ClCompile>
    <ClCompile Include="Src\MetaRegistration.cpp">
      <Filter>Src\Meta</Filter>
    </ClCompile>
  </ItemGroup>
</Project>