<?xml version="1.0" encoding="utf-8"?>
<Project ToolsVersion="4.0" xmlns="http://schemas.microsoft.com/developer/msbuild/2003">
  <ItemGroup>
    <ClCompile Include="GameState.cpp" />
    <ClCompile Include="winmain.cpp" />
    <ClCompile Include="MovementController.cpp">
      <Filter>Controller</Filter>
    </ClCompile>
    <ClCompile Include="MovementController_AllDirection.cpp">
      <Filter>Controller</Filter>
    </ClCompile>
    <ClCompile Include="YBot.cpp">
      <Filter>GameEntity</Filter>
    </ClCompile>
  </ItemGroup>
  <ItemGroup>
    <ClInclude Include="GameState.h" />
    <ClInclude Include="PTCone.h">
      <Filter>Geometry</Filter>
    </ClInclude>
    <ClInclude Include="PTGeometry_Shell.h">
      <Filter>Geometry</Filter>
    </ClInclude>
    <ClInclude Include="PTPlane.h">
      <Filter>Geometry</Filter>
    </ClInclude>
    <ClInclude Include="PTSphere.h">
      <Filter>Geometry</Filter>
    </ClInclude>
    <ClInclude Include="PTModel.h">
      <Filter>Model</Filter>
    </ClInclude>
    <ClInclude Include="PTBoneMesh.h">
      <Filter>Model</Filter>
    </ClInclude>
    <ClInclude Include="PTSkeleton.h">
      <Filter>Model</Filter>
    </ClInclude>
    <ClInclude Include="MovementController.h">
      <Filter>Controller</Filter>
    </ClInclude>
    <ClInclude Include="MovementController_AllDirection.h">
      <Filter>Controller</Filter>
    </ClInclude>
    <ClInclude Include="MovementControllerShell.h">
      <Filter>Controller</Filter>
    </ClInclude>
    <ClInclude Include="YBot.h">
      <Filter>GameEntity</Filter>
    </ClInclude>
  </ItemGroup>
  <ItemGroup>
    <Filter Include="Geometry">
      <UniqueIdentifier>{3067ed58-cc39-4010-9e5d-7547d2b592ca}</UniqueIdentifier>
    </Filter>
    <Filter Include="Model">
      <UniqueIdentifier>{4e8054e2-1f40-4039-97df-2b26ee016a59}</UniqueIdentifier>
    </Filter>
    <Filter Include="Controller">
      <UniqueIdentifier>{a8408404-d88f-4321-bbe3-91cb0a6546e4}</UniqueIdentifier>
    </Filter>
    <Filter Include="GameEntity">
      <UniqueIdentifier>{1705e557-b47e-49e4-856a-fef2918d506f}</UniqueIdentifier>
    </Filter>
  </ItemGroup>
</Project>