<?xml version="1.0" encoding="utf-8"?>
<Project ToolsVersion="4.0" xmlns="http://schemas.microsoft.com/developer/msbuild/2003">
  <ItemGroup>
    <ClCompile Include="winmain.cpp" />
    <ClCompile Include="SCV.cpp" />
    <ClCompile Include="EngineWrapper.cpp" />
    <ClCompile Include="GraphUtil.cpp">
      <Filter>GridGraphMap</Filter>
    </ClCompile>
    <ClCompile Include="RandomSpringMap.cpp">
      <Filter>GridGraphMap</Filter>
    </ClCompile>
    <ClCompile Include="TextureGridMap.cpp">
      <Filter>GridGraphMap</Filter>
    </ClCompile>
    <ClCompile Include="PTEditablePolygon2D.cpp">
      <Filter>GridGraphMap</Filter>
    </ClCompile>
    <ClCompile Include="PolygonGridGraphMap.cpp">
      <Filter>GridGraphMap</Filter>
    </ClCompile>
    <ClCompile Include="Carrier.cpp" />
    <ClCompile Include="Mineral.cpp" />
    <ClCompile Include="LCTexture.cpp" />
  </ItemGroup>
  <ItemGroup>
    <ClInclude Include="SCV.h" />
    <ClInclude Include="EngineWrapper.h" />
    <ClInclude Include="GraphUtil.h">
      <Filter>GridGraphMap</Filter>
    </ClInclude>
    <ClInclude Include="PathFindingMapShell.h">
      <Filter>GridGraphMap</Filter>
    </ClInclude>
    <ClInclude Include="RandomSpringMap.h">
      <Filter>GridGraphMap</Filter>
    </ClInclude>
    <ClInclude Include="TextureGridMap.h">
      <Filter>GridGraphMap</Filter>
    </ClInclude>
    <ClInclude Include="Tile.h">
      <Filter>GridGraphMap</Filter>
    </ClInclude>
    <ClInclude Include="PolygonGridGraphMap.h">
      <Filter>GridGraphMap</Filter>
    </ClInclude>
    <ClInclude Include="PTEditablePolygon2D.h">
      <Filter>GridGraphMap</Filter>
    </ClInclude>
    <ClInclude Include="GameState.h" />
    <ClInclude Include="Carrier.h" />
    <ClInclude Include="Mineral.h" />
    <ClInclude Include="LCTexture.h" />
  </ItemGroup>
  <ItemGroup>
    <Filter Include="GridGraphMap">
      <UniqueIdentifier>{08820eb8-0887-4fe4-a2e7-73586b25655b}</UniqueIdentifier>
    </Filter>
  </ItemGroup>
</Project>