<?xml version="1.0" encoding="utf-8"?>
<Project ToolsVersion="4.0" xmlns="http://schemas.microsoft.com/developer/msbuild/2003">
  <ItemGroup>
    <ClCompile Include="AIWorld_3D.cpp" />
    <ClCompile Include="GameState.cpp" />
    <ClCompile Include="winmain.cpp" />
    <ClCompile Include="PTSphere.cpp">
      <Filter>Geometry</Filter>
    </ClCompile>
    <ClCompile Include="PreditorFish.cpp">
      <Filter>Entities</Filter>
    </ClCompile>
    <ClCompile Include="DestroyerFish.cpp">
      <Filter>Entities</Filter>
    </ClCompile>
    <ClCompile Include="SeeWeed.cpp">
      <Filter>Entities</Filter>
    </ClCompile>
    <ClCompile Include="TinyFish.cpp">
      <Filter>Entities</Filter>
    </ClCompile>
    <ClCompile Include="PTCone.cpp">
      <Filter>Geometry</Filter>
    </ClCompile>
    <ClCompile Include="PTGeometry_Shell.cpp">
      <Filter>Geometry</Filter>
    </ClCompile>
    <ClCompile Include="PTDynamicCone.cpp">
      <Filter>Geometry</Filter>
    </ClCompile>
  </ItemGroup>
  <ItemGroup>
    <ClInclude Include="AIWorld_3D.h" />
    <ClInclude Include="GameState.h" />
    <ClInclude Include="SeeWeed.h">
      <Filter>Entities</Filter>
    </ClInclude>
    <ClInclude Include="TinyFish.h">
      <Filter>Entities</Filter>
    </ClInclude>
    <ClInclude Include="PreditorFish.h">
      <Filter>Entities</Filter>
    </ClInclude>
    <ClInclude Include="DestroyerFish.h">
      <Filter>Entities</Filter>
    </ClInclude>
    <ClInclude Include="PTEntity_Shell.h">
      <Filter>Entities</Filter>
    </ClInclude>
    <ClInclude Include="PTSphere.h">
      <Filter>Geometry</Filter>
    </ClInclude>
    <ClInclude Include="PTGeometry_Shell.h">
      <Filter>Geometry</Filter>
    </ClInclude>
    <ClInclude Include="PTEntityManager.h">
      <Filter>Entities</Filter>
    </ClInclude>
    <ClInclude Include="PTCone.h">
      <Filter>Geometry</Filter>
    </ClInclude>
    <ClInclude Include="PTLerpMachine.h">
      <Filter>Util</Filter>
    </ClInclude>
    <ClInclude Include="PTDynamicCone.h">
      <Filter>Geometry</Filter>
    </ClInclude>
  </ItemGroup>
  <ItemGroup>
    <Filter Include="Entities">
      <UniqueIdentifier>{a785260f-7127-4feb-8ff8-422ad2889f53}</UniqueIdentifier>
    </Filter>
    <Filter Include="Geometry">
      <UniqueIdentifier>{70ef4f56-196c-4582-852f-171551a00e64}</UniqueIdentifier>
    </Filter>
    <Filter Include="Util">
      <UniqueIdentifier>{8091bd03-0ff4-4d16-aa9e-98bdd3a1f2b1}</UniqueIdentifier>
    </Filter>
  </ItemGroup>
</Project>