<?xml version="1.0" encoding="utf-8"?>
<Project ToolsVersion="4.0" xmlns="http://schemas.microsoft.com/developer/msbuild/2003">
  <ItemGroup>
    <ClCompile Include="winmain.cpp" />
    <ClCompile Include="Scene.cpp" />
    <ClCompile Include="GameState.cpp" />
    <ClCompile Include="PTBoneMesh.cpp">
      <Filter>YBot\Components</Filter>
    </ClCompile>
    <ClCompile Include="PTSFSkeleton.cpp">
      <Filter>YBot\Components</Filter>
    </ClCompile>
    <ClCompile Include="YBot.cpp">
      <Filter>YBot</Filter>
    </ClCompile>
    <ClCompile Include="MovementController_AllDirection.cpp">
      <Filter>YBot\Components</Filter>
    </ClCompile>
    <ClCompile Include="MovementController.cpp">
      <Filter>YBot\Components</Filter>
    </ClCompile>
  </ItemGroup>
  <ItemGroup>
    <ClInclude Include="Scene.h" />
    <ClInclude Include="GameState.h" />
    <ClInclude Include="PTGeometry_Shell.h">
      <Filter>Geometry</Filter>
    </ClInclude>
    <ClInclude Include="PTCone.h">
      <Filter>Geometry</Filter>
    </ClInclude>
    <ClInclude Include="PTSphere.h">
      <Filter>Geometry</Filter>
    </ClInclude>
    <ClInclude Include="YBot.h">
      <Filter>YBot</Filter>
    </ClInclude>
    <ClInclude Include="PTBoneMesh.h">
      <Filter>YBot\Components</Filter>
    </ClInclude>
    <ClInclude Include="PTModel.h">
      <Filter>YBot\Components</Filter>
    </ClInclude>
    <ClInclude Include="PTSFSkeleton.h">
      <Filter>YBot\Components</Filter>
    </ClInclude>
    <ClInclude Include="PTPlane.h">
      <Filter>Geometry</Filter>
    </ClInclude>
    <ClInclude Include="MovementControllerShell.h">
      <Filter>YBot\Components</Filter>
    </ClInclude>
    <ClInclude Include="MovementController_AllDirection.h">
      <Filter>YBot\Components</Filter>
    </ClInclude>
    <ClInclude Include="MovementController.h">
      <Filter>YBot\Components</Filter>
    </ClInclude>
  </ItemGroup>
  <ItemGroup>
    <Filter Include="YBot">
      <UniqueIdentifier>{d70d0e57-9073-41ff-a8dd-e22b99ec8529}</UniqueIdentifier>
    </Filter>
    <Filter Include="Geometry">
      <UniqueIdentifier>{bec8a524-4f96-4a12-ab74-b0b63d4b5971}</UniqueIdentifier>
    </Filter>
    <Filter Include="YBot\Components">
      <UniqueIdentifier>{28db8e98-1b5c-4050-8e4b-f540c7f6616f}</UniqueIdentifier>
    </Filter>
  </ItemGroup>
</Project>