<?xml version="1.0" encoding="utf-8"?>
<Project ToolsVersion="4.0" xmlns="http://schemas.microsoft.com/developer/msbuild/2003">
  <ItemGroup>
    <ClCompile Include="GameState.cpp" />
    <ClCompile Include="winmain.cpp" />
    <ClCompile Include="Scene.cpp" />
    <ClCompile Include="PATentacle.cpp" />
    <ClCompile Include="PCTentacle.cpp" />
  </ItemGroup>
  <ItemGroup>
    <ClInclude Include="GameState.h" />
    <ClInclude Include="Scene.h" />
    <ClInclude Include="PATentacle.h" />
    <ClInclude Include="PCTentacle.h" />
  </ItemGroup>
</Project>