<?xml version="1.0" encoding="utf-8"?>
<Project ToolsVersion="4.0" xmlns="http://schemas.microsoft.com/developer/msbuild/2003">
  <ItemGroup>
    <ClInclude Include="Inc\Common.h">
      <Filter>Inc</Filter>
    </ClInclude>
    <ClInclude Include="Inc\Network.h">
      <Filter>Inc</Filter>
    </ClInclude>
    <ClInclude Include="Inc\NetworkUtil.h">
      <Filter>Inc</Filter>
    </ClInclude>
    <ClInclude Include="Src\Precompiled.h">
      <Filter>Src</Filter>
    </ClInclude>
    <ClInclude Include="Inc\SocketAddress.h">
      <Filter>Inc</Filter>
    </ClInclude>
    <ClInclude Include="Inc\TcpSocket.h">
      <Filter>Inc</Filter>
    </ClInclude>
    <ClInclude Include="Inc\UdpSocket.h">
      <Filter>Inc</Filter>
    </ClInclude>
    <ClInclude Include="Inc\StreamReader.h">
      <Filter>Inc</Filter>
    </ClInclude>
    <ClInclude Include="Inc\MemoryStream.h">
      <Filter>Inc</Filter>
    </ClInclude>
    <ClInclude Include="Inc\StreamWriter.h">
      <Filter>Inc</Filter>
    </ClInclude>
    <ClInclude Include="Inc\LinkingContext.h">
      <Filter>Inc</Filter>
    </ClInclude>
    <ClInclude Include="Inc\ObjectFactory.h">
      <Filter>Inc</Filter>
    </ClInclude>
  </ItemGroup>
  <ItemGroup>
    <ClCompile Include="Src\NetworkUtil.cpp">
      <Filter>Src</Filter>
    </ClCompile>
    <ClCompile Include="Src\Precompiled.cpp">
      <Filter>Src</Filter>
    </ClCompile>
    <ClCompile Include="Src\SocketAddress.cpp">
      <Filter>Src</Filter>
    </ClCompile>
    <ClCompile Include="Src\TcpSocket.cpp">
      <Filter>Src</Filter>
    </ClCompile>
    <ClCompile Include="Src\UdpSocket.cpp">
      <Filter>Src</Filter>
    </ClCompile>
    <ClCompile Include="Src\StreamWriter.cpp">
      <Filter>Src</Filter>
    </ClCompile>
    <ClCompile Include="Src\StreamReader.cpp">
      <Filter>Src</Filter>
    </ClCompile>
    <ClCompile Include="Src\MemoryStream.cpp">
      <Filter>Src</Filter>
    </ClCompile>
    <ClCompile Include="Src\LinkingContext.cpp">
      <Filter>Src</Filter>
    </ClCompile>
  </ItemGroup>
  <ItemGroup>
    <Filter Include="Inc">
      <UniqueIdentifier>{4473e8ea-beb7-4419-ac73-e11e3ec68a06}</UniqueIdentifier>
    </Filter>
    <Filter Include="Src">
      <UniqueIdentifier>{e32fe80c-2564-4b34-8281-2a4a6814420d}</UniqueIdentifier>
    </Filter>
  </ItemGroup>
</Project>