<?xml version="1.0" encoding="utf-8"?>
<Project ToolsVersion="4.0" xmlns="http://schemas.microsoft.com/developer/msbuild/2003">
  <ItemGroup>
    <Filter Include="Inc">
      <UniqueIdentifier>{b10cbc1f-79bf-4f8e-94df-1219a3217254}</UniqueIdentifier>
    </Filter>
    <Filter Include="Src">
      <UniqueIdentifier>{5fa5fc4a-dac1-4ffe-bce3-e1c38dab4480}</UniqueIdentifier>
    </Filter>
    <Filter Include="Inc\Animation">
      <UniqueIdentifier>{db2892bb-bbc3-4fd5-890f-1c7805e0ecfc}</UniqueIdentifier>
    </Filter>
    <Filter Include="Inc\Camera">
      <UniqueIdentifier>{02954993-9a58-4d9a-acd6-a19004e018e3}</UniqueIdentifier>
    </Filter>
    <Filter Include="Inc\Material">
      <UniqueIdentifier>{ccca4432-1de1-4211-a00a-cf88dddcc99e}</UniqueIdentifier>
    </Filter>
    <Filter Include="Inc\Mesh">
      <UniqueIdentifier>{c35cf9fc-6be3-45b4-8da6-80878ab0b6db}</UniqueIdentifier>
    </Filter>
    <Filter Include="Inc\Renderer">
      <UniqueIdentifier>{7cc523cc-456d-48ad-8e57-898d00d3fb42}</UniqueIdentifier>
    </Filter>
    <Filter Include="Inc\RenderState">
      <UniqueIdentifier>{69010117-2079-47b2-8e14-0894f054c0be}</UniqueIdentifier>
    </Filter>
    <Filter Include="Inc\Shader">
      <UniqueIdentifier>{5d0917fe-e56c-4d03-a014-f2335dbaf3f5}</UniqueIdentifier>
    </Filter>
    <Filter Include="Inc\Utillity">
      <UniqueIdentifier>{2163fcac-bb7a-4e7c-b423-4d610b0eee4b}</UniqueIdentifier>
    </Filter>
    <Filter Include="Src\Animation">
      <UniqueIdentifier>{8c84c80f-a016-4f66-9bd7-ff9a0ab69c4f}</UniqueIdentifier>
    </Filter>
    <Filter Include="Src\Camera">
      <UniqueIdentifier>{51a7db9f-e564-482b-ae46-bd361f2a59d2}</UniqueIdentifier>
    </Filter>
    <Filter Include="Src\Material">
      <UniqueIdentifier>{acdd89ff-a2ca-44ed-a284-a947433240df}</UniqueIdentifier>
    </Filter>
    <Filter Include="Src\Mesh">
      <UniqueIdentifier>{21fbd92f-f76c-437a-a3c4-35b80c7997aa}</UniqueIdentifier>
    </Filter>
    <Filter Include="Src\Renderer">
      <UniqueIdentifier>{f9313089-c538-4956-b948-0378687ac29b}</UniqueIdentifier>
    </Filter>
    <Filter Include="Src\Utility">
      <UniqueIdentifier>{40a6663e-e995-4109-9783-8f27528a30bd}</UniqueIdentifier>
    </Filter>
    <Filter Include="Src\RenderState">
      <UniqueIdentifier>{7da003c5-1e31-4369-8a76-7900d141b4b3}</UniqueIdentifier>
    </Filter>
    <Filter Include="Src\Shader">
      <UniqueIdentifier>{2862f62c-6b2d-4852-8e77-5c0e2657694e}</UniqueIdentifier>
    </Filter>
    <Filter Include="Src\Effect">
      <UniqueIdentifier>{e26c1cb8-908b-43c1-bf72-7e606a135bf0}</UniqueIdentifier>
    </Filter>
    <Filter Include="Inc\Effect">
      <UniqueIdentifier>{2194e6d1-a28a-4b9b-8dc9-be4b6b24f4a9}</UniqueIdentifier>
    </Filter>
    <Filter Include="Src\GeometryMesh">
      <UniqueIdentifier>{84170cbc-8526-49cc-8d77-4772b796a6e9}</UniqueIdentifier>
    </Filter>
    <Filter Include="Inc\GeometryMesh">
      <UniqueIdentifier>{a6243675-4f19-4cfe-a72d-2d8534cba6f8}</UniqueIdentifier>
    </Filter>
  </ItemGroup>
  <ItemGroup>
    <ClCompile Include="Src\GraphicsSystem.cpp">
      <Filter>Src</Filter>
    </ClCompile>
    <ClCompile Include="Src\Precompiled.cpp">
      <Filter>Src</Filter>
    </ClCompile>
    <ClCompile Include="Src\Animation.cpp">
      <Filter>Src\Animation</Filter>
    </ClCompile>
    <ClCompile Include="Src\AnimationBuilder.cpp">
      <Filter>Src\Animation</Filter>
    </ClCompile>
    <ClCompile Include="Src\AnimationClip.cpp">
      <Filter>Src\Animation</Filter>
    </ClCompile>
    <ClCompile Include="Src\BlendState.cpp">
      <Filter>Src\RenderState</Filter>
    </ClCompile>
    <ClCompile Include="Src\BlendStateManager.cpp">
      <Filter>Src\RenderState</Filter>
    </ClCompile>
    <ClCompile Include="Src\Camera.cpp">
      <Filter>Src\Camera</Filter>
    </ClCompile>
    <ClCompile Include="Src\ConstantBuffer.cpp">
      <Filter>Src\Renderer</Filter>
    </ClCompile>
    <ClCompile Include="Src\D3DUtil.cpp">
      <Filter>Src\Utility</Filter>
    </ClCompile>
    <ClCompile Include="Src\DebugUI.cpp">
      <Filter>Src\Renderer</Filter>
    </ClCompile>
    <ClCompile Include="Src\DepthStencilState.cpp">
      <Filter>Src\RenderState</Filter>
    </ClCompile>
    <ClCompile Include="Src\DepthStencilStateManager.cpp">
      <Filter>Src\RenderState</Filter>
    </ClCompile>
    <ClCompile Include="Src\Font.cpp">
      <Filter>Src\Renderer</Filter>
    </ClCompile>
    <ClCompile Include="Src\GeometryShader.cpp">
      <Filter>Src\Shader</Filter>
    </ClCompile>
    <ClCompile Include="Src\MeshBuffer.cpp">
      <Filter>Src\Renderer</Filter>
    </ClCompile>
    <ClCompile Include="Src\MeshIO.cpp">
      <Filter>Src\Utility</Filter>
    </ClCompile>
    <ClCompile Include="Src\Model.cpp">
      <Filter>Src\Mesh</Filter>
    </ClCompile>
    <ClCompile Include="Src\MeshBuilder.cpp">
      <Filter>Src\Mesh</Filter>
    </ClCompile>
    <ClCompile Include="Src\PixelShader.cpp">
      <Filter>Src\Shader</Filter>
    </ClCompile>
    <ClCompile Include="Src\ModelManager.cpp">
      <Filter>Src\Mesh</Filter>
    </ClCompile>
    <ClCompile Include="Src\RasterizerState.cpp">
      <Filter>Src\RenderState</Filter>
    </ClCompile>
    <ClCompile Include="Src\RasterizerStateManager.cpp">
      <Filter>Src\RenderState</Filter>
    </ClCompile>
    <ClCompile Include="Src\RenderTarget.cpp">
      <Filter>Src\Renderer</Filter>
    </ClCompile>
    <ClCompile Include="Src\Sampler.cpp">
      <Filter>Src\Renderer</Filter>
    </ClCompile>
    <ClCompile Include="Src\SamplerManager.cpp">
      <Filter>Src\Renderer</Filter>
    </ClCompile>
    <ClCompile Include="Src\SimpleDraw.cpp">
      <Filter>Src\Renderer</Filter>
    </ClCompile>
    <ClCompile Include="Src\SkeletonIO.cpp">
      <Filter>Src\Utility</Filter>
    </ClCompile>
    <ClCompile Include="Src\SpriteRenderer.cpp">
      <Filter>Src\Renderer</Filter>
    </ClCompile>
    <ClCompile Include="Src\Texture.cpp">
      <Filter>Src\Material</Filter>
    </ClCompile>
    <ClCompile Include="Src\TextureManager.cpp">
      <Filter>Src\Material</Filter>
    </ClCompile>
    <ClCompile Include="Src\VertexShader.cpp">
      <Filter>Src\Shader</Filter>
    </ClCompile>
    <ClCompile Include="Src\VertexType.cpp">
      <Filter>Src\Mesh</Filter>
    </ClCompile>
    <ClCompile Include="Src\AnimationSetIO.cpp">
      <Filter>Src\Utility</Filter>
    </ClCompile>
    <ClCompile Include="Src\Animator.cpp">
      <Filter>Src\Animation</Filter>
    </ClCompile>
    <ClCompile Include="Src\PartialAnimator.cpp">
      <Filter>Src\Animation</Filter>
    </ClCompile>
    <ClCompile Include="Src\BlendTree.cpp">
      <Filter>Src\Animation</Filter>
    </ClCompile>
    <ClCompile Include="Src\Effect.cpp">
      <Filter>Src\Effect</Filter>
    </ClCompile>
    <ClCompile Include="Src\EffectManager.cpp">
      <Filter>Src\Effect</Filter>
    </ClCompile>
    <ClCompile Include="Src\ObjLoader.cpp">
      <Filter>Src</Filter>
    </ClCompile>
    <ClCompile Include="Src\ModelIO.cpp">
      <Filter>Src\Utility</Filter>
    </ClCompile>
    <ClCompile Include="Src\SkeletonModel.cpp">
      <Filter>Src\Mesh</Filter>
    </ClCompile>
    <ClCompile Include="Src\GeometryMesh.cpp">
      <Filter>Src\GeometryMesh</Filter>
    </ClCompile>
    <ClCompile Include="Src\BuildInGeometryMesh.cpp">
      <Filter>Src\GeometryMesh</Filter>
    </ClCompile>
    <ClCompile Include="Src\GeometryMeshManager.cpp">
      <Filter>Src\GeometryMesh</Filter>
    </ClCompile>
    <ClCompile Include="Src\PostProcessManager.cpp">
      <Filter>Src\Effect</Filter>
    </ClCompile>
    <ClCompile Include="Src\PostProcessUnit.cpp">
      <Filter>Src\Effect</Filter>
    </ClCompile>
  </ItemGroup>
  <ItemGroup>
    <ClInclude Include="Inc\Common.h">
      <Filter>Inc</Filter>
    </ClInclude>
    <ClInclude Include="Src\Precompiled.h">
      <Filter>Src</Filter>
    </ClInclude>
    <ClInclude Include="Inc\Graphics.h" />
    <ClInclude Include="Inc\Animation.h">
      <Filter>Inc\Animation</Filter>
    </ClInclude>
    <ClInclude Include="Inc\AnimationBuilder.h">
      <Filter>Inc\Animation</Filter>
    </ClInclude>
    <ClInclude Include="Inc\AnimationClip.h">
      <Filter>Inc\Animation</Filter>
    </ClInclude>
    <ClInclude Include="Inc\Bone.h">
      <Filter>Inc\Animation</Filter>
    </ClInclude>
    <ClInclude Include="Inc\Skeleton.h">
      <Filter>Inc\Animation</Filter>
    </ClInclude>
    <ClInclude Include="Inc\Keyframe.h">
      <Filter>Inc\Animation</Filter>
    </ClInclude>
    <ClInclude Include="Inc\Camera.h">
      <Filter>Inc\Camera</Filter>
    </ClInclude>
    <ClInclude Include="Inc\Light.h">
      <Filter>Inc\Material</Filter>
    </ClInclude>
    <ClInclude Include="Inc\Material.h">
      <Filter>Inc\Material</Filter>
    </ClInclude>
    <ClInclude Include="Inc\Colors.h">
      <Filter>Inc\Material</Filter>
    </ClInclude>
    <ClInclude Include="Inc\Mesh.h">
      <Filter>Inc\Mesh</Filter>
    </ClInclude>
    <ClInclude Include="Inc\MeshBuilder.h">
      <Filter>Inc\Mesh</Filter>
    </ClInclude>
    <ClInclude Include="Inc\ConstantBuffer.h">
      <Filter>Inc\Renderer</Filter>
    </ClInclude>
    <ClInclude Include="Inc\DrawCommand.h">
      <Filter>Inc\Renderer</Filter>
    </ClInclude>
    <ClInclude Include="Inc\Font.h">
      <Filter>Inc\Renderer</Filter>
    </ClInclude>
    <ClInclude Include="Inc\MeshBuffer.h">
      <Filter>Inc\Renderer</Filter>
    </ClInclude>
    <ClInclude Include="Inc\Model.h">
      <Filter>Inc\Mesh</Filter>
    </ClInclude>
    <ClInclude Include="Inc\ModelManager.h">
      <Filter>Inc\Mesh</Filter>
    </ClInclude>
    <ClInclude Include="Inc\RenderTarget.h">
      <Filter>Inc\Renderer</Filter>
    </ClInclude>
    <ClInclude Include="Inc\SimpleDraw.h">
      <Filter>Inc\Renderer</Filter>
    </ClInclude>
    <ClInclude Include="Inc\Texture.h">
      <Filter>Inc\Material</Filter>
    </ClInclude>
    <ClInclude Include="Inc\TextureManager.h">
      <Filter>Inc\Material</Filter>
    </ClInclude>
    <ClInclude Include="Inc\VertexType.h">
      <Filter>Inc\Mesh</Filter>
    </ClInclude>
    <ClInclude Include="Inc\BlendState.h">
      <Filter>Inc\RenderState</Filter>
    </ClInclude>
    <ClInclude Include="Inc\BlendStateManager.h">
      <Filter>Inc\RenderState</Filter>
    </ClInclude>
    <ClInclude Include="Inc\DepthStencilState.h">
      <Filter>Inc\RenderState</Filter>
    </ClInclude>
    <ClInclude Include="Inc\DepthStencilStateManager.h">
      <Filter>Inc\RenderState</Filter>
    </ClInclude>
    <ClInclude Include="Inc\RasterizerState.h">
      <Filter>Inc\RenderState</Filter>
    </ClInclude>
    <ClInclude Include="Inc\RasterizerStateManager.h">
      <Filter>Inc\RenderState</Filter>
    </ClInclude>
    <ClInclude Include="Inc\Sampler.h">
      <Filter>Inc\Renderer</Filter>
    </ClInclude>
    <ClInclude Include="Inc\SamplerManager.h">
      <Filter>Inc\Renderer</Filter>
    </ClInclude>
    <ClInclude Include="Inc\GeometryShader.h">
      <Filter>Inc\Shader</Filter>
    </ClInclude>
    <ClInclude Include="Inc\PixelShader.h">
      <Filter>Inc\Shader</Filter>
    </ClInclude>
    <ClInclude Include="Inc\VertexShader.h">
      <Filter>Inc\Shader</Filter>
    </ClInclude>
    <ClInclude Include="Inc\SpriteRenderer.h">
      <Filter>Inc\Renderer</Filter>
    </ClInclude>
    <ClInclude Include="Inc\MeshIO.h">
      <Filter>Inc\Utillity</Filter>
    </ClInclude>
    <ClInclude Include="Inc\GraphicsSystem.h">
      <Filter>Inc</Filter>
    </ClInclude>
    <ClInclude Include="Inc\SkeletonIO.h">
      <Filter>Inc\Utillity</Filter>
    </ClInclude>
    <ClInclude Include="Src\D3DUtil.h">
      <Filter>Src\Utility</Filter>
    </ClInclude>
    <ClInclude Include="Inc\DebugUI.h">
      <Filter>Inc\Renderer</Filter>
    </ClInclude>
    <ClInclude Include="Inc\MeshTextureMaterial.h">
      <Filter>Inc\Material</Filter>
    </ClInclude>
    <ClInclude Include="Inc\AnimationSet.h">
      <Filter>Inc\Animation</Filter>
    </ClInclude>
    <ClInclude Include="Inc\AnimationSetIO.h">
      <Filter>Inc\Utillity</Filter>
    </ClInclude>
    <ClInclude Include="Inc\Animator.h">
      <Filter>Inc\Animation</Filter>
    </ClInclude>
    <ClInclude Include="Inc\PartialAnimator.h">
      <Filter>Inc\Animation</Filter>
    </ClInclude>
    <ClInclude Include="Inc\BlendTree.h">
      <Filter>Inc\Animation</Filter>
    </ClInclude>
    <ClInclude Include="Inc\Effect.h">
      <Filter>Inc\Effect</Filter>
    </ClInclude>
    <ClInclude Include="Inc\EffectManager.h">
      <Filter>Inc\Effect</Filter>
    </ClInclude>
    <ClInclude Include="Inc\ObjLoader.h">
      <Filter>Inc</Filter>
    </ClInclude>
    <ClInclude Include="Inc\SkeletonModel.h">
      <Filter>Inc\Mesh</Filter>
    </ClInclude>
    <ClInclude Include="Inc\ModelIO.h">
      <Filter>Inc\Utillity</Filter>
    </ClInclude>
    <ClInclude Include="Inc\GeometryMesh.h">
      <Filter>Inc\GeometryMesh</Filter>
    </ClInclude>
    <ClInclude Include="Inc\BuildInGeometryMesh.h">
      <Filter>Inc\GeometryMesh</Filter>
    </ClInclude>
    <ClInclude Include="Inc\GeometryMeshManager.h">
      <Filter>Inc\GeometryMesh</Filter>
    </ClInclude>
    <ClInclude Include="Inc\PostProcessUnit.h">
      <Filter>Inc\Effect</Filter>
    </ClInclude>
    <ClInclude Include="Inc\PostProcessManager.h">
      <Filter>Inc\Effect</Filter>
    </ClInclude>
  </ItemGroup>
</Project>